{
  "object": {
    "pins": [
      {
        "package": "Alamofire",
        "repositoryURL": "https://github.com/Alamofire/Alamofire",
        "state": {
          "branch": null,
          "revision": "d120af1e8638c7da36c8481fd61a66c0c08dc4fc",
          "version": "5.4.4"
        }
      },
      {
        "package": "combine-schedulers",
        "repositoryURL": "https://github.com/pointfreeco/combine-schedulers",
        "state": {
          "branch": null,
          "revision": "4cf088c29a20f52be0f2ca54992b492c54e0076b",
          "version": "0.5.3"
        }
      },
      {
        "package": "Lottie",
        "repositoryURL": "https://github.com/airbnb/lottie-ios.git",
        "state": {
          "branch": null,
          "revision": "79a0b70547f7c40ea54c67487f935fa2f2eaaadc",
          "version": "3.2.3"
        }
      },
      {
        "package": "Networking",
        "repositoryURL": "https://projects.ronasit.com/ronas-it/ios/networking",
        "state": {
          "branch": null,
          "revision": "8ce70544fa7ee2c90f62b839c4f3ea5144b5cc7f",
          "version": "2.1.0"
        }
      },
      {
        "package": "Nuke",
        "repositoryURL": "https://github.com/kean/Nuke.git",
        "state": {
          "branch": null,
          "revision": "472a03c15f39592007d94f25abe554350bc8aa2b",
          "version": "10.5.1"
        }
      },
      {
        "package": "swift-case-paths",
        "repositoryURL": "https://github.com/pointfreeco/swift-case-paths",
        "state": {
          "branch": null,
          "revision": "d226d167bd4a68b51e352af5655c92bce8ee0463",
          "version": "0.7.0"
        }
      },
      {
        "package": "swift-collections",
        "repositoryURL": "https://github.com/apple/swift-collections",
        "state": {
          "branch": null,
          "revision": "48254824bb4248676bf7ce56014ff57b142b77eb",
          "version": "1.0.2"
        }
      },
      {
        "package": "swift-composable-architecture",
        "repositoryURL": "https://github.com/pointfreeco/swift-composable-architecture",
        "state": {
          "branch": null,
          "revision": "599a2398adaaa7a4e3f5420cde7728c39e33677e",
          "version": "0.28.1"
        }
      },
      {
        "package": "swift-custom-dump",
        "repositoryURL": "https://github.com/pointfreeco/swift-custom-dump",
        "state": {
          "branch": null,
          "revision": "21f8fdbb3226e5e28a1a2fffac3e0f3deec34bf0",
          "version": "0.2.1"
        }
      },
      {
        "package": "swift-identified-collections",
        "repositoryURL": "https://github.com/pointfreeco/swift-identified-collections",
        "state": {
          "branch": null,
          "revision": "680bf440178a78a627b1c2c64c0855f6523ad5b9",
          "version": "0.3.2"
        }
      },
      {
        "package": "xctest-dynamic-overlay",
        "repositoryURL": "https://github.com/pointfreeco/xctest-dynamic-overlay",
        "state": {
          "branch": null,
          "revision": "50a70a9d3583fe228ce672e8923010c8df2deddd",
          "version": "0.2.1"
        }
      }
    ]
  },
  "version": 1
}
