// !$*UTF8*$!
{
	archiveVersion = 1;
	classes = {
	};
	objectVersion = 52;
	objects = {

/* Begin PBXBuildFile section */
		060F086D1E4D6C9200D9166F /* AppDelegate.swift in Sources */ = {isa = PBXBuildFile; fileRef = 060F085B1E4D6C9200D9166F /* AppDelegate.swift */; };
		060F08711E4D6C9200D9166F /* Assets.xcassets in Resources */ = {isa = PBXBuildFile; fileRef = 060F08651E4D6C9200D9166F /* Assets.xcassets */; };
		0633A3E109287294157807EC /* FilterScreen.swift in Sources */ = {isa = PBXBuildFile; fileRef = 0BF99FF6D47AD033FED0BE30 /* FilterScreen.swift */; };
		063834571F6F62AC0057A831 /* ContentView.swift in Sources */ = {isa = PBXBuildFile; fileRef = 063834561F6F62AC0057A831 /* ContentView.swift */; };
		066238161F879B4D00AA6B14 /* Localizable.strings in Resources */ = {isa = PBXBuildFile; fileRef = 066238181F879B4D00AA6B14 /* Localizable.strings */; };
		0679BEDF205A4DEC0058E8F3 /* Strings.swift in Sources */ = {isa = PBXBuildFile; fileRef = 0679BEDE205A4DEC0058E8F3 /* Strings.swift */; };
		06DAD03A1F4E95B700FD62BD /* Settings.bundle in Resources */ = {isa = PBXBuildFile; fileRef = 06DAD0391F4E95B700FD62BD /* Settings.bundle */; };
		06E0EBD11FAC0BB4002715AE /* AppConfigurator.swift in Sources */ = {isa = PBXBuildFile; fileRef = 06E0EBD01FAC0BB4002715AE /* AppConfigurator.swift */; };
		07DFC1475C222ADB1D7A10D3 /* EpisodesScrollView.swift in Sources */ = {isa = PBXBuildFile; fileRef = F422174EE53EA0FD46CBBAC0 /* EpisodesScrollView.swift */; };
		0DC28222F850A8C49E69AB14 /* CharactersEnvironment.swift in Sources */ = {isa = PBXBuildFile; fileRef = 2572717657BE18B694162D1A /* CharactersEnvironment.swift */; };
		0F2A99AF57F8FAF272D3A536 /* FilterState.swift in Sources */ = {isa = PBXBuildFile; fileRef = 1912B6F08E19ECCF5FEB624C /* FilterState.swift */; };
		1148D5C2274FD1200047E20E /* TabBarItem.swift in Sources */ = {isa = PBXBuildFile; fileRef = 1148D5C1274FD11F0047E20E /* TabBarItem.swift */; };
		1148D5D6275399110047E20E /* LocationsCardComponent.swift in Sources */ = {isa = PBXBuildFile; fileRef = 1148D5D5275399110047E20E /* LocationsCardComponent.swift */; };
		1148D5D82753A69E0047E20E /* LocationsModel.swift in Sources */ = {isa = PBXBuildFile; fileRef = 1148D5D72753A69E0047E20E /* LocationsModel.swift */; };
		11A839F5275A50DB0015BD55 /* StickyHeaderComponent.swift in Sources */ = {isa = PBXBuildFile; fileRef = 11A839F4275A50DB0015BD55 /* StickyHeaderComponent.swift */; };
		11A839F7275A51C50015BD55 /* NavigationImageComponent.swift in Sources */ = {isa = PBXBuildFile; fileRef = 11A839F6275A51C50015BD55 /* NavigationImageComponent.swift */; };
		11A839F9275A52440015BD55 /* NavigationTitleComponent.swift in Sources */ = {isa = PBXBuildFile; fileRef = 11A839F8275A52440015BD55 /* NavigationTitleComponent.swift */; };
		11E3398C2746790E00D3B145 /* Gilroy-Bold.ttf in Resources */ = {isa = PBXBuildFile; fileRef = 11E339892746790D00D3B145 /* Gilroy-Bold.ttf */; };
		11E3398D2746790E00D3B145 /* Gilroy-Medium.ttf in Resources */ = {isa = PBXBuildFile; fileRef = 11E3398A2746790E00D3B145 /* Gilroy-Medium.ttf */; };
		11E3398E2746790E00D3B145 /* Gilroy-SemiBold.ttf in Resources */ = {isa = PBXBuildFile; fileRef = 11E3398B2746790E00D3B145 /* Gilroy-SemiBold.ttf */; };
		11E339982746891500D3B145 /* Fonts.swift in Sources */ = {isa = PBXBuildFile; fileRef = 11E339972746891500D3B145 /* Fonts.swift */; };
		262BD36939303769150CE34C /* SplashReducer.swift in Sources */ = {isa = PBXBuildFile; fileRef = 549B5E4D8C79CB3C03543689 /* SplashReducer.swift */; };
		269CB387AD00A3636F08151D /* CharactersAction.swift in Sources */ = {isa = PBXBuildFile; fileRef = D9B522CB4A7080838C40FBB7 /* CharactersAction.swift */; };
		287B5FBEC632CF4C08185749 /* FilterReducer.swift in Sources */ = {isa = PBXBuildFile; fileRef = 86DC89AA63C519F339EBA263 /* FilterReducer.swift */; };
		28BE4E6F1D94586798FF337B /* LocationsAction.swift in Sources */ = {isa = PBXBuildFile; fileRef = 08DE721DEC1D7C8827C8F75B /* LocationsAction.swift */; };
		29EF2A173A69D16743392A6D /* CharactersState.swift in Sources */ = {isa = PBXBuildFile; fileRef = 061C4E29AEA2FBAF3F9D65E3 /* CharactersState.swift */; };
		30848E27393247257E14DC82 /* CharactersReducer.swift in Sources */ = {isa = PBXBuildFile; fileRef = B41BCD25DE71D6F96D83024D /* CharactersReducer.swift */; };
		3615AC9C579EC0230E764F13 /* LocationsReducer.swift in Sources */ = {isa = PBXBuildFile; fileRef = 0FF20F6970EBC600C5051EE4 /* LocationsReducer.swift */; };
		3801234611FB3C11FD62C21B /* DetailsReducer.swift in Sources */ = {isa = PBXBuildFile; fileRef = 26C6A6D54538D96207724630 /* DetailsReducer.swift */; };
		3DFC6CA04971F19856C938A3 /* CharactersScreen.swift in Sources */ = {isa = PBXBuildFile; fileRef = D83F3152C50964B80891586D /* CharactersScreen.swift */; };
		4CDD47B0812EA9DC7B675069 /* TabBarScreen.swift in Sources */ = {isa = PBXBuildFile; fileRef = 1FF9EA900F5119CA37AE9540 /* TabBarScreen.swift */; };
		63FA1F903922012978134029 /* LocationsScreen.swift in Sources */ = {isa = PBXBuildFile; fileRef = FA06DADBFB311A2F782607A5 /* LocationsScreen.swift */; };
		64808336B7AE91E821BF6209 /* SplashEnvironment.swift in Sources */ = {isa = PBXBuildFile; fileRef = 5DA071327A4A1C0AEEBA435D /* SplashEnvironment.swift */; };
		6924F43613AA64A3243A0943 /* EpisodesAction.swift in Sources */ = {isa = PBXBuildFile; fileRef = B183AE7DE6A9C3069F2160BA /* EpisodesAction.swift */; };
		6D35B59A216B647100C72B29 /* Bundle+Info.swift in Sources */ = {isa = PBXBuildFile; fileRef = 6D35B599216B646F00C72B29 /* Bundle+Info.swift */; };
		6D3A04222170BE06007B6860 /* AppConfiguration.swift in Sources */ = {isa = PBXBuildFile; fileRef = 6D3A04212170BE03007B6860 /* AppConfiguration.swift */; };
		6D6D7EA221F743FA000FFA4D /* Services.swift in Sources */ = {isa = PBXBuildFile; fileRef = 6D6D7EA121F743F9000FFA4D /* Services.swift */; };
		7691C16922E64501B108CF13 /* DetailsScreen.swift in Sources */ = {isa = PBXBuildFile; fileRef = 6B45AD7C37777F8F486DF783 /* DetailsScreen.swift */; };
		770EF151B4A57F191845EC70 /* TabBarReducer.swift in Sources */ = {isa = PBXBuildFile; fileRef = 8D696FA8E0CBB2B4F3874516 /* TabBarReducer.swift */; };
		87A019A5D32B2AC449FD79B0 /* TabBarAction.swift in Sources */ = {isa = PBXBuildFile; fileRef = 740ED4B41741423AEA6699B9 /* TabBarAction.swift */; };
		8ADD5F0A2BB72EF68E8B47F2 /* TabBarState.swift in Sources */ = {isa = PBXBuildFile; fileRef = A624C70F9B836C187021D071 /* TabBarState.swift */; };
		96851AE03DC39C8E37DBD4DB /* SplashState.swift in Sources */ = {isa = PBXBuildFile; fileRef = E079240CF34C0E4448E06A60 /* SplashState.swift */; };
		9C465724E6D840DE10FFA3B1 /* TabBarEnvironment.swift in Sources */ = {isa = PBXBuildFile; fileRef = B973621A468EC297D2962353 /* TabBarEnvironment.swift */; };
		AC1AA25AC69B229E5B459221 /* FilterEnvironment.swift in Sources */ = {isa = PBXBuildFile; fileRef = 63B6E56E91FA1C93EFC54989 /* FilterEnvironment.swift */; };
		B25C9473FBAEBE9D308E0E82 /* EpisodesScreen.swift in Sources */ = {isa = PBXBuildFile; fileRef = 364625FA897ADA7DEA2C25D7 /* EpisodesScreen.swift */; };
		B6CC9B7FD8F08C0CE8F3E6C0 /* DetailsHelloComponent.swift in Sources */ = {isa = PBXBuildFile; fileRef = E7DF0A6C495CB499EEA338D6 /* DetailsHelloComponent.swift */; };
		BBDAAEBD960BB8B03FE8E97A /* SplashAction.swift in Sources */ = {isa = PBXBuildFile; fileRef = C78666022321AEFC7146AA0A /* SplashAction.swift */; };
		C2B44C98ECF957607503E83F /* DetailsState.swift in Sources */ = {isa = PBXBuildFile; fileRef = 03DE4910767C080EAF1651BD /* DetailsState.swift */; };
		C314B9602750EE5800C7E28F /* CharacterModel.swift in Sources */ = {isa = PBXBuildFile; fileRef = C314B95F2750EE5700C7E28F /* CharacterModel.swift */; };
		C36C4DB9274E1745004AC7BB /* loading.json in Resources */ = {isa = PBXBuildFile; fileRef = C36C4DB8274E1744004AC7BB /* loading.json */; };
		C377639F275FAD2E008308B9 /* NetworkError.swift in Sources */ = {isa = PBXBuildFile; fileRef = C377639E275FAD2D008308B9 /* NetworkError.swift */; };
		C37763A1275FB19F008308B9 /* ApiServiceProtocol.swift in Sources */ = {isa = PBXBuildFile; fileRef = C37763A0275FB19F008308B9 /* ApiServiceProtocol.swift */; };
		C37763A3275FB1D6008308B9 /* Nothing.swift in Sources */ = {isa = PBXBuildFile; fileRef = C37763A2275FB1D6008308B9 /* Nothing.swift */; };
		C37763A5275FB293008308B9 /* Response+Request.swift in Sources */ = {isa = PBXBuildFile; fileRef = C37763A4275FB293008308B9 /* Response+Request.swift */; };
		C37763A7275FB2CA008308B9 /* ApiService.swift in Sources */ = {isa = PBXBuildFile; fileRef = C37763A6275FB2CA008308B9 /* ApiService.swift */; };
		C37763A9275FB30B008308B9 /* ApiEndpoint.swift in Sources */ = {isa = PBXBuildFile; fileRef = C37763A8275FB30B008308B9 /* ApiEndpoint.swift */; };
		C38028A1275D270A00E470BC /* GeneralRequest.swift in Sources */ = {isa = PBXBuildFile; fileRef = C38028A0275D270A00E470BC /* GeneralRequest.swift */; };
		C3834B4C274BA0A10091D5CB /* AnimationViewComponent.swift in Sources */ = {isa = PBXBuildFile; fileRef = C3834B4B274BA0A10091D5CB /* AnimationViewComponent.swift */; };
		C3834B4F274BA0D90091D5CB /* Lottie in Frameworks */ = {isa = PBXBuildFile; productRef = C3834B4E274BA0D90091D5CB /* Lottie */; };
		C39DC25927465DB80056C306 /* Networking in Frameworks */ = {isa = PBXBuildFile; productRef = C39DC25827465DB80056C306 /* Networking */; };
		C39DC25C27465DC40056C306 /* Nuke in Frameworks */ = {isa = PBXBuildFile; productRef = C39DC25B27465DC40056C306 /* Nuke */; };
		C39DC25F27465DCF0056C306 /* ComposableArchitecture in Frameworks */ = {isa = PBXBuildFile; productRef = C39DC25E27465DCF0056C306 /* ComposableArchitecture */; };
		C3B7CB2D2759069600A44898 /* EpisodeModel.swift in Sources */ = {isa = PBXBuildFile; fileRef = C3B7CB2C2759069600A44898 /* EpisodeModel.swift */; };
		C3C16E79275505AD00F0DA3F /* Layout.swift in Sources */ = {isa = PBXBuildFile; fileRef = C3C16E78275505AD00F0DA3F /* Layout.swift */; };
		C3CC72982752B8BA007FFC54 /* CharacterCard.swift in Sources */ = {isa = PBXBuildFile; fileRef = C3CC72972752B8B8007FFC54 /* CharacterCard.swift */; };
		C3CC729A2752B96E007FFC54 /* SearchBar.swift in Sources */ = {isa = PBXBuildFile; fileRef = C3CC72992752B96E007FFC54 /* SearchBar.swift */; };
		C3CC729C2752B9E1007FFC54 /* FilterButton.swift in Sources */ = {isa = PBXBuildFile; fileRef = C3CC729B2752B9E1007FFC54 /* FilterButton.swift */; };
		C3CC729E2752B9F9007FFC54 /* SearchAndFilter.swift in Sources */ = {isa = PBXBuildFile; fileRef = C3CC729D2752B9F9007FFC54 /* SearchAndFilter.swift */; };
		C3CC72A22752BA5A007FFC54 /* CharactersScrollView.swift in Sources */ = {isa = PBXBuildFile; fileRef = C3CC72A12752BA5A007FFC54 /* CharactersScrollView.swift */; };
		C3D0641B275A34C8003E9148 /* EpisodeCard.swift in Sources */ = {isa = PBXBuildFile; fileRef = C3D0641A275A34C8003E9148 /* EpisodeCard.swift */; };
		C3D0641F275A5860003E9148 /* AppSegmentedControl.swift in Sources */ = {isa = PBXBuildFile; fileRef = C3D0641E275A585F003E9148 /* AppSegmentedControl.swift */; };
		C3D08F4F2101B9B600FDC15E /* Assets.swift in Sources */ = {isa = PBXBuildFile; fileRef = C3D08F4D2101B9B500FDC15E /* Assets.swift */; };
		C4CF98403AF3388D9071EE84 /* SplashScreen.swift in Sources */ = {isa = PBXBuildFile; fileRef = 81EB3DB1D9FCAECB1BA57956 /* SplashScreen.swift */; };
		C5C57802B327ACF6B57BDD00 /* EpisodesEnvironment.swift in Sources */ = {isa = PBXBuildFile; fileRef = FCCD27C071AF8A31130D3FED /* EpisodesEnvironment.swift */; };
		C9AE9C6699DE4AA3BEBF08E7 /* LocationsState.swift in Sources */ = {isa = PBXBuildFile; fileRef = 1DB95A00894FF5C01506B6FD /* LocationsState.swift */; };
		CE51A265C028CBD3DF18B1CB /* EpisodesReducer.swift in Sources */ = {isa = PBXBuildFile; fileRef = 79F7B90F42A06EBE78EEE18D /* EpisodesReducer.swift */; };
		CF6948EA9EA86232E5A1ABEB /* LocationsEnvironment.swift in Sources */ = {isa = PBXBuildFile; fileRef = 6D2B183A35E026726B497D7D /* LocationsEnvironment.swift */; };
		D0BDF13BDF1251A0B9778EFD /* FilterAction.swift in Sources */ = {isa = PBXBuildFile; fileRef = 1DDFFE7BAA47863677FA4F33 /* FilterAction.swift */; };
		D79E209D216EBA0921E4A8F9 /* EpisodesState.swift in Sources */ = {isa = PBXBuildFile; fileRef = 9E36118A52122D74AB1FDDB0 /* EpisodesState.swift */; };
		DB1DF4BD7996307CBC7E702A /* DetailsAction.swift in Sources */ = {isa = PBXBuildFile; fileRef = D6D35CA33B05B5A0036F204B /* DetailsAction.swift */; };
		FBA90FB626DE2F040092A824 /* SceneDelegate.swift in Sources */ = {isa = PBXBuildFile; fileRef = FBA90FB526DE2F040092A824 /* SceneDelegate.swift */; };
		FC410A3D2B126E033C643145 /* FilterHelloComponent.swift in Sources */ = {isa = PBXBuildFile; fileRef = 1A3FA5537B496CE642491386 /* FilterHelloComponent.swift */; };
		FC54F5AFF55A2AA11F55B6D3 /* DetailsEnvironment.swift in Sources */ = {isa = PBXBuildFile; fileRef = A71CB42986A6D67850628812 /* DetailsEnvironment.swift */; };
/* End PBXBuildFile section */

/* Begin PBXFileReference section */
		03DE4910767C080EAF1651BD /* DetailsState.swift */ = {isa = PBXFileReference; includeInIndex = 1; lastKnownFileType = sourcecode.swift; path = DetailsState.swift; sourceTree = "<group>"; };
		060F08441E4D6B3900D9166F /* RickAndMorty.app */ = {isa = PBXFileReference; explicitFileType = wrapper.application; includeInIndex = 0; path = RickAndMorty.app; sourceTree = BUILT_PRODUCTS_DIR; };
		060F085B1E4D6C9200D9166F /* AppDelegate.swift */ = {isa = PBXFileReference; fileEncoding = 4; lastKnownFileType = sourcecode.swift; path = AppDelegate.swift; sourceTree = "<group>"; };
		060F08651E4D6C9200D9166F /* Assets.xcassets */ = {isa = PBXFileReference; lastKnownFileType = folder.assetcatalog; path = Assets.xcassets; sourceTree = "<group>"; };
		060F087C1E4D702C00D9166F /* Info.plist */ = {isa = PBXFileReference; fileEncoding = 4; lastKnownFileType = text.plist.xml; path = Info.plist; sourceTree = "<group>"; };
		061C4E29AEA2FBAF3F9D65E3 /* CharactersState.swift */ = {isa = PBXFileReference; includeInIndex = 1; lastKnownFileType = sourcecode.swift; path = CharactersState.swift; sourceTree = "<group>"; };
		063834561F6F62AC0057A831 /* ContentView.swift */ = {isa = PBXFileReference; fileEncoding = 4; lastKnownFileType = sourcecode.swift; path = ContentView.swift; sourceTree = "<group>"; };
		066238171F879B4D00AA6B14 /* en */ = {isa = PBXFileReference; lastKnownFileType = text.plist.strings; name = en; path = en.lproj/Localizable.strings; sourceTree = "<group>"; };
		0679BEDE205A4DEC0058E8F3 /* Strings.swift */ = {isa = PBXFileReference; fileEncoding = 4; lastKnownFileType = sourcecode.swift; path = Strings.swift; sourceTree = "<group>"; };
		06DAD0391F4E95B700FD62BD /* Settings.bundle */ = {isa = PBXFileReference; lastKnownFileType = "wrapper.plug-in"; path = Settings.bundle; sourceTree = "<group>"; };
		06E0EBD01FAC0BB4002715AE /* AppConfigurator.swift */ = {isa = PBXFileReference; lastKnownFileType = sourcecode.swift; path = AppConfigurator.swift; sourceTree = "<group>"; };
		06E0EBD41FAC0D97002715AE /* .swiftlint.yml */ = {isa = PBXFileReference; lastKnownFileType = text; path = .swiftlint.yml; sourceTree = SOURCE_ROOT; };
		08DE721DEC1D7C8827C8F75B /* LocationsAction.swift */ = {isa = PBXFileReference; includeInIndex = 1; lastKnownFileType = sourcecode.swift; path = LocationsAction.swift; sourceTree = "<group>"; };
		0BF99FF6D47AD033FED0BE30 /* FilterScreen.swift */ = {isa = PBXFileReference; includeInIndex = 1; lastKnownFileType = sourcecode.swift; path = FilterScreen.swift; sourceTree = "<group>"; };
		0FF20F6970EBC600C5051EE4 /* LocationsReducer.swift */ = {isa = PBXFileReference; includeInIndex = 1; lastKnownFileType = sourcecode.swift; path = LocationsReducer.swift; sourceTree = "<group>"; };
		1148D5C1274FD11F0047E20E /* TabBarItem.swift */ = {isa = PBXFileReference; lastKnownFileType = sourcecode.swift; path = TabBarItem.swift; sourceTree = "<group>"; };
		1148D5D5275399110047E20E /* LocationsCardComponent.swift */ = {isa = PBXFileReference; lastKnownFileType = sourcecode.swift; path = LocationsCardComponent.swift; sourceTree = "<group>"; };
		1148D5D72753A69E0047E20E /* LocationsModel.swift */ = {isa = PBXFileReference; lastKnownFileType = sourcecode.swift; path = LocationsModel.swift; sourceTree = "<group>"; };
		11A839F4275A50DB0015BD55 /* StickyHeaderComponent.swift */ = {isa = PBXFileReference; lastKnownFileType = sourcecode.swift; path = StickyHeaderComponent.swift; sourceTree = "<group>"; };
		11A839F6275A51C50015BD55 /* NavigationImageComponent.swift */ = {isa = PBXFileReference; lastKnownFileType = sourcecode.swift; path = NavigationImageComponent.swift; sourceTree = "<group>"; };
		11A839F8275A52440015BD55 /* NavigationTitleComponent.swift */ = {isa = PBXFileReference; lastKnownFileType = sourcecode.swift; path = NavigationTitleComponent.swift; sourceTree = "<group>"; };
		11E339892746790D00D3B145 /* Gilroy-Bold.ttf */ = {isa = PBXFileReference; lastKnownFileType = file; path = "Gilroy-Bold.ttf"; sourceTree = "<group>"; };
		11E3398A2746790E00D3B145 /* Gilroy-Medium.ttf */ = {isa = PBXFileReference; lastKnownFileType = file; path = "Gilroy-Medium.ttf"; sourceTree = "<group>"; };
		11E3398B2746790E00D3B145 /* Gilroy-SemiBold.ttf */ = {isa = PBXFileReference; lastKnownFileType = file; path = "Gilroy-SemiBold.ttf"; sourceTree = "<group>"; };
		11E339972746891500D3B145 /* Fonts.swift */ = {isa = PBXFileReference; lastKnownFileType = sourcecode.swift; path = Fonts.swift; sourceTree = "<group>"; };
		1912B6F08E19ECCF5FEB624C /* FilterState.swift */ = {isa = PBXFileReference; includeInIndex = 1; lastKnownFileType = sourcecode.swift; path = FilterState.swift; sourceTree = "<group>"; };
		1A3FA5537B496CE642491386 /* FilterHelloComponent.swift */ = {isa = PBXFileReference; includeInIndex = 1; lastKnownFileType = sourcecode.swift; path = FilterHelloComponent.swift; sourceTree = "<group>"; };
		1DB95A00894FF5C01506B6FD /* LocationsState.swift */ = {isa = PBXFileReference; includeInIndex = 1; lastKnownFileType = sourcecode.swift; path = LocationsState.swift; sourceTree = "<group>"; };
		1DDFFE7BAA47863677FA4F33 /* FilterAction.swift */ = {isa = PBXFileReference; includeInIndex = 1; lastKnownFileType = sourcecode.swift; path = FilterAction.swift; sourceTree = "<group>"; };
		1FF9EA900F5119CA37AE9540 /* TabBarScreen.swift */ = {isa = PBXFileReference; includeInIndex = 1; lastKnownFileType = sourcecode.swift; path = TabBarScreen.swift; sourceTree = "<group>"; };
		2572717657BE18B694162D1A /* CharactersEnvironment.swift */ = {isa = PBXFileReference; includeInIndex = 1; lastKnownFileType = sourcecode.swift; path = CharactersEnvironment.swift; sourceTree = "<group>"; };
		26C6A6D54538D96207724630 /* DetailsReducer.swift */ = {isa = PBXFileReference; includeInIndex = 1; lastKnownFileType = sourcecode.swift; path = DetailsReducer.swift; sourceTree = "<group>"; };
		364625FA897ADA7DEA2C25D7 /* EpisodesScreen.swift */ = {isa = PBXFileReference; includeInIndex = 1; lastKnownFileType = sourcecode.swift; path = EpisodesScreen.swift; sourceTree = "<group>"; };
		549B5E4D8C79CB3C03543689 /* SplashReducer.swift */ = {isa = PBXFileReference; includeInIndex = 1; lastKnownFileType = sourcecode.swift; path = SplashReducer.swift; sourceTree = "<group>"; };
		5DA071327A4A1C0AEEBA435D /* SplashEnvironment.swift */ = {isa = PBXFileReference; includeInIndex = 1; lastKnownFileType = sourcecode.swift; path = SplashEnvironment.swift; sourceTree = "<group>"; };
		63B6E56E91FA1C93EFC54989 /* FilterEnvironment.swift */ = {isa = PBXFileReference; includeInIndex = 1; lastKnownFileType = sourcecode.swift; path = FilterEnvironment.swift; sourceTree = "<group>"; };
		6B45AD7C37777F8F486DF783 /* DetailsScreen.swift */ = {isa = PBXFileReference; includeInIndex = 1; lastKnownFileType = sourcecode.swift; path = DetailsScreen.swift; sourceTree = "<group>"; };
		6D2B183A35E026726B497D7D /* LocationsEnvironment.swift */ = {isa = PBXFileReference; includeInIndex = 1; lastKnownFileType = sourcecode.swift; path = LocationsEnvironment.swift; sourceTree = "<group>"; };
		6D35B599216B646F00C72B29 /* Bundle+Info.swift */ = {isa = PBXFileReference; fileEncoding = 4; lastKnownFileType = sourcecode.swift; path = "Bundle+Info.swift"; sourceTree = "<group>"; };
		6D3A04212170BE03007B6860 /* AppConfiguration.swift */ = {isa = PBXFileReference; fileEncoding = 4; lastKnownFileType = sourcecode.swift; path = AppConfiguration.swift; sourceTree = "<group>"; };
		6D6D7EA121F743F9000FFA4D /* Services.swift */ = {isa = PBXFileReference; fileEncoding = 4; lastKnownFileType = sourcecode.swift; path = Services.swift; sourceTree = "<group>"; };
		740ED4B41741423AEA6699B9 /* TabBarAction.swift */ = {isa = PBXFileReference; includeInIndex = 1; lastKnownFileType = sourcecode.swift; path = TabBarAction.swift; sourceTree = "<group>"; };
		79F7B90F42A06EBE78EEE18D /* EpisodesReducer.swift */ = {isa = PBXFileReference; includeInIndex = 1; lastKnownFileType = sourcecode.swift; path = EpisodesReducer.swift; sourceTree = "<group>"; };
		81EB3DB1D9FCAECB1BA57956 /* SplashScreen.swift */ = {isa = PBXFileReference; includeInIndex = 1; lastKnownFileType = sourcecode.swift; path = SplashScreen.swift; sourceTree = "<group>"; };
		86DC89AA63C519F339EBA263 /* FilterReducer.swift */ = {isa = PBXFileReference; includeInIndex = 1; lastKnownFileType = sourcecode.swift; path = FilterReducer.swift; sourceTree = "<group>"; };
		8D696FA8E0CBB2B4F3874516 /* TabBarReducer.swift */ = {isa = PBXFileReference; includeInIndex = 1; lastKnownFileType = sourcecode.swift; path = TabBarReducer.swift; sourceTree = "<group>"; };
		9E36118A52122D74AB1FDDB0 /* EpisodesState.swift */ = {isa = PBXFileReference; includeInIndex = 1; lastKnownFileType = sourcecode.swift; path = EpisodesState.swift; sourceTree = "<group>"; };
		A624C70F9B836C187021D071 /* TabBarState.swift */ = {isa = PBXFileReference; includeInIndex = 1; lastKnownFileType = sourcecode.swift; path = TabBarState.swift; sourceTree = "<group>"; };
		A71CB42986A6D67850628812 /* DetailsEnvironment.swift */ = {isa = PBXFileReference; includeInIndex = 1; lastKnownFileType = sourcecode.swift; path = DetailsEnvironment.swift; sourceTree = "<group>"; };
		B183AE7DE6A9C3069F2160BA /* EpisodesAction.swift */ = {isa = PBXFileReference; includeInIndex = 1; lastKnownFileType = sourcecode.swift; path = EpisodesAction.swift; sourceTree = "<group>"; };
		B41BCD25DE71D6F96D83024D /* CharactersReducer.swift */ = {isa = PBXFileReference; includeInIndex = 1; lastKnownFileType = sourcecode.swift; path = CharactersReducer.swift; sourceTree = "<group>"; };
		B973621A468EC297D2962353 /* TabBarEnvironment.swift */ = {isa = PBXFileReference; includeInIndex = 1; lastKnownFileType = sourcecode.swift; path = TabBarEnvironment.swift; sourceTree = "<group>"; };
		C314B95F2750EE5700C7E28F /* CharacterModel.swift */ = {isa = PBXFileReference; lastKnownFileType = sourcecode.swift; path = CharacterModel.swift; sourceTree = "<group>"; };
		C36C4DB8274E1744004AC7BB /* loading.json */ = {isa = PBXFileReference; fileEncoding = 4; lastKnownFileType = text.json; path = loading.json; sourceTree = "<group>"; };
		C377639E275FAD2D008308B9 /* NetworkError.swift */ = {isa = PBXFileReference; lastKnownFileType = sourcecode.swift; path = NetworkError.swift; sourceTree = "<group>"; };
		C37763A0275FB19F008308B9 /* ApiServiceProtocol.swift */ = {isa = PBXFileReference; lastKnownFileType = sourcecode.swift; path = ApiServiceProtocol.swift; sourceTree = "<group>"; };
		C37763A2275FB1D6008308B9 /* Nothing.swift */ = {isa = PBXFileReference; lastKnownFileType = sourcecode.swift; path = Nothing.swift; sourceTree = "<group>"; };
		C37763A4275FB293008308B9 /* Response+Request.swift */ = {isa = PBXFileReference; lastKnownFileType = sourcecode.swift; path = "Response+Request.swift"; sourceTree = "<group>"; };
		C37763A6275FB2CA008308B9 /* ApiService.swift */ = {isa = PBXFileReference; lastKnownFileType = sourcecode.swift; path = ApiService.swift; sourceTree = "<group>"; };
		C37763A8275FB30B008308B9 /* ApiEndpoint.swift */ = {isa = PBXFileReference; lastKnownFileType = sourcecode.swift; path = ApiEndpoint.swift; sourceTree = "<group>"; };
		C38028A0275D270A00E470BC /* GeneralRequest.swift */ = {isa = PBXFileReference; lastKnownFileType = sourcecode.swift; path = GeneralRequest.swift; sourceTree = "<group>"; };
		C3834B4B274BA0A10091D5CB /* AnimationViewComponent.swift */ = {isa = PBXFileReference; lastKnownFileType = sourcecode.swift; path = AnimationViewComponent.swift; sourceTree = "<group>"; };
		C3B7CB2C2759069600A44898 /* EpisodeModel.swift */ = {isa = PBXFileReference; lastKnownFileType = sourcecode.swift; path = EpisodeModel.swift; sourceTree = "<group>"; };
		C3C16E78275505AD00F0DA3F /* Layout.swift */ = {isa = PBXFileReference; lastKnownFileType = sourcecode.swift; path = Layout.swift; sourceTree = "<group>"; };
		C3CC72972752B8B8007FFC54 /* CharacterCard.swift */ = {isa = PBXFileReference; lastKnownFileType = sourcecode.swift; path = CharacterCard.swift; sourceTree = "<group>"; };
		C3CC72992752B96E007FFC54 /* SearchBar.swift */ = {isa = PBXFileReference; lastKnownFileType = sourcecode.swift; path = SearchBar.swift; sourceTree = "<group>"; };
		C3CC729B2752B9E1007FFC54 /* FilterButton.swift */ = {isa = PBXFileReference; lastKnownFileType = sourcecode.swift; path = FilterButton.swift; sourceTree = "<group>"; };
		C3CC729D2752B9F9007FFC54 /* SearchAndFilter.swift */ = {isa = PBXFileReference; lastKnownFileType = sourcecode.swift; path = SearchAndFilter.swift; sourceTree = "<group>"; };
		C3CC72A12752BA5A007FFC54 /* CharactersScrollView.swift */ = {isa = PBXFileReference; lastKnownFileType = sourcecode.swift; path = CharactersScrollView.swift; sourceTree = "<group>"; };
		C3D0641A275A34C8003E9148 /* EpisodeCard.swift */ = {isa = PBXFileReference; lastKnownFileType = sourcecode.swift; path = EpisodeCard.swift; sourceTree = "<group>"; };
		C3D0641E275A585F003E9148 /* AppSegmentedControl.swift */ = {isa = PBXFileReference; lastKnownFileType = sourcecode.swift; path = AppSegmentedControl.swift; sourceTree = "<group>"; };
		C3D08F4D2101B9B500FDC15E /* Assets.swift */ = {isa = PBXFileReference; fileEncoding = 4; lastKnownFileType = sourcecode.swift; path = Assets.swift; sourceTree = "<group>"; };
		C78666022321AEFC7146AA0A /* SplashAction.swift */ = {isa = PBXFileReference; includeInIndex = 1; lastKnownFileType = sourcecode.swift; path = SplashAction.swift; sourceTree = "<group>"; };
		D6D35CA33B05B5A0036F204B /* DetailsAction.swift */ = {isa = PBXFileReference; includeInIndex = 1; lastKnownFileType = sourcecode.swift; path = DetailsAction.swift; sourceTree = "<group>"; };
		D83F3152C50964B80891586D /* CharactersScreen.swift */ = {isa = PBXFileReference; includeInIndex = 1; lastKnownFileType = sourcecode.swift; path = CharactersScreen.swift; sourceTree = "<group>"; };
		D9B522CB4A7080838C40FBB7 /* CharactersAction.swift */ = {isa = PBXFileReference; includeInIndex = 1; lastKnownFileType = sourcecode.swift; path = CharactersAction.swift; sourceTree = "<group>"; };
		E079240CF34C0E4448E06A60 /* SplashState.swift */ = {isa = PBXFileReference; includeInIndex = 1; lastKnownFileType = sourcecode.swift; path = SplashState.swift; sourceTree = "<group>"; };
		E7DF0A6C495CB499EEA338D6 /* DetailsHelloComponent.swift */ = {isa = PBXFileReference; includeInIndex = 1; lastKnownFileType = sourcecode.swift; path = DetailsHelloComponent.swift; sourceTree = "<group>"; };
		F422174EE53EA0FD46CBBAC0 /* EpisodesScrollView.swift */ = {isa = PBXFileReference; includeInIndex = 1; lastKnownFileType = sourcecode.swift; path = EpisodesScrollView.swift; sourceTree = "<group>"; };
		FA06DADBFB311A2F782607A5 /* LocationsScreen.swift */ = {isa = PBXFileReference; includeInIndex = 1; lastKnownFileType = sourcecode.swift; path = LocationsScreen.swift; sourceTree = "<group>"; };
		FBA90FB526DE2F040092A824 /* SceneDelegate.swift */ = {isa = PBXFileReference; fileEncoding = 4; lastKnownFileType = sourcecode.swift; path = SceneDelegate.swift; sourceTree = "<group>"; };
		FCCD27C071AF8A31130D3FED /* EpisodesEnvironment.swift */ = {isa = PBXFileReference; includeInIndex = 1; lastKnownFileType = sourcecode.swift; path = EpisodesEnvironment.swift; sourceTree = "<group>"; };
/* End PBXFileReference section */

/* Begin PBXFrameworksBuildPhase section */
		060F08411E4D6B3900D9166F /* Frameworks */ = {
			isa = PBXFrameworksBuildPhase;
			buildActionMask = 2147483647;
			files = (
				C39DC25927465DB80056C306 /* Networking in Frameworks */,
				C39DC25C27465DC40056C306 /* Nuke in Frameworks */,
				C39DC25F27465DCF0056C306 /* ComposableArchitecture in Frameworks */,
				C3834B4F274BA0D90091D5CB /* Lottie in Frameworks */,
			);
			runOnlyForDeploymentPostprocessing = 0;
		};
/* End PBXFrameworksBuildPhase section */

/* Begin PBXGroup section */
		060F083B1E4D6B3900D9166F = {
			isa = PBXGroup;
			children = (
				060F08591E4D6C9200D9166F /* Classes */,
				060F08641E4D6C9200D9166F /* Resources */,
				060F087B1E4D702C00D9166F /* RickAndMorty */,
				060F08451E4D6B3900D9166F /* Products */,
			);
			sourceTree = "<group>";
		};
		060F08451E4D6B3900D9166F /* Products */ = {
			isa = PBXGroup;
			children = (
				060F08441E4D6B3900D9166F /* RickAndMorty.app */,
			);
			name = Products;
			sourceTree = "<group>";
		};
		060F08591E4D6C9200D9166F /* Classes */ = {
			isa = PBXGroup;
			children = (
				060F085B1E4D6C9200D9166F /* AppDelegate.swift */,
				FBA90FB526DE2F040092A824 /* SceneDelegate.swift */,
				060F085C1E4D6C9200D9166F /* BusinessLogic */,
				060F089C1E4D79C000D9166F /* Core */,
				060F08611E4D6C9200D9166F /* Presentation */,
			);
			path = Classes;
			sourceTree = "<group>";
		};
		060F085C1E4D6C9200D9166F /* BusinessLogic */ = {
			isa = PBXGroup;
			children = (
				6D3A04212170BE03007B6860 /* AppConfiguration.swift */,
				06E0EBD01FAC0BB4002715AE /* AppConfigurator.swift */,
				C3C16E78275505AD00F0DA3F /* Layout.swift */,
				060F08761E4D6CDF00D9166F /* Models */,
				060F085F1E4D6C9200D9166F /* Services */,
			);
			path = BusinessLogic;
			sourceTree = "<group>";
		};
		060F085F1E4D6C9200D9166F /* Services */ = {
			isa = PBXGroup;
			children = (
				6D6D7EA121F743F9000FFA4D /* Services.swift */,
				C37763AA275FC1DE008308B9 /* ErrorHandling */,
				C377639D275FAD07008308B9 /* Api */,
			);
			path = Services;
			sourceTree = "<group>";
		};
		060F08611E4D6C9200D9166F /* Presentation */ = {
			isa = PBXGroup;
			children = (
				060F08621E4D6C9200D9166F /* Modules */,
			);
			path = Presentation;
			sourceTree = "<group>";
		};
		060F08621E4D6C9200D9166F /* Modules */ = {
			isa = PBXGroup;
			children = (
				063834561F6F62AC0057A831 /* ContentView.swift */,
				7A0DAA0F032971722D5DA9A3 /* Splash */,
				95FD11A2995DA0AF98E53524 /* TabBar */,
				FFC98CD43EC1412F2003B42A /* Characters */,
				C11D276B097C8EF8CC638E85 /* Locations */,
				D276A31F75B5CC8F7EB4FE05 /* Episodes */,
				B8260AEE68F157F8ABE628AD /* Filter */,
				F97F4A278FBA270DADB2EDED /* Details */,
			);
			path = Modules;
			sourceTree = "<group>";
		};
		060F08641E4D6C9200D9166F /* Resources */ = {
			isa = PBXGroup;
			children = (
				11E33988274678A900D3B145 /* Fonts */,
				060F08651E4D6C9200D9166F /* Assets.xcassets */,
				C36C4DB8274E1744004AC7BB /* loading.json */,
				066238181F879B4D00AA6B14 /* Localizable.strings */,
				0679BEDE205A4DEC0058E8F3 /* Strings.swift */,
				C3D08F4D2101B9B500FDC15E /* Assets.swift */,
				11E339972746891500D3B145 /* Fonts.swift */,
			);
			path = Resources;
			sourceTree = "<group>";
		};
		060F08761E4D6CDF00D9166F /* Models */ = {
			isa = PBXGroup;
			children = (
				C314B95F2750EE5700C7E28F /* CharacterModel.swift */,
				1148D5D72753A69E0047E20E /* LocationsModel.swift */,
				C38028A0275D270A00E470BC /* GeneralRequest.swift */,
				C3B7CB2C2759069600A44898 /* EpisodeModel.swift */,
			);
			path = Models;
			sourceTree = "<group>";
		};
		060F087B1E4D702C00D9166F /* RickAndMorty */ = {
			isa = PBXGroup;
			children = (
				06E0EBD41FAC0D97002715AE /* .swiftlint.yml */,
				060F087C1E4D702C00D9166F /* Info.plist */,
				06DAD0391F4E95B700FD62BD /* Settings.bundle */,
			);
			path = RickAndMorty;
			sourceTree = "<group>";
		};
		060F089C1E4D79C000D9166F /* Core */ = {
			isa = PBXGroup;
			children = (
				6D35B598216B5E3A00C72B29 /* Extensions */,
			);
			path = Core;
			sourceTree = "<group>";
		};
		11E33988274678A900D3B145 /* Fonts */ = {
			isa = PBXGroup;
			children = (
				11E339892746790D00D3B145 /* Gilroy-Bold.ttf */,
				11E3398A2746790E00D3B145 /* Gilroy-Medium.ttf */,
				11E3398B2746790E00D3B145 /* Gilroy-SemiBold.ttf */,
			);
			path = Fonts;
			sourceTree = "<group>";
		};
		13884D3747493D0C55CBEDB3 /* Screens */ = {
			isa = PBXGroup;
			children = (
				81EB3DB1D9FCAECB1BA57956 /* SplashScreen.swift */,
			);
			path = Screens;
			sourceTree = "<group>";
		};
		16F9F0B728F6562F7A8F62D3 /* Components */ = {
			isa = PBXGroup;
			children = (
				C3834B4B274BA0A10091D5CB /* AnimationViewComponent.swift */,
			);
			path = Components;
			sourceTree = "<group>";
		};
		1843F7DFF66E53850ECFF727 /* Screens */ = {
			isa = PBXGroup;
			children = (
				D83F3152C50964B80891586D /* CharactersScreen.swift */,
			);
			path = Screens;
			sourceTree = "<group>";
		};
		2BD04256084D04F84EE093E1 /* Screens */ = {
			isa = PBXGroup;
			children = (
				1FF9EA900F5119CA37AE9540 /* TabBarScreen.swift */,
			);
			path = Screens;
			sourceTree = "<group>";
		};
		367654F98F0D1DDB69F89526 /* Components */ = {
			isa = PBXGroup;
			children = (
				1A3FA5537B496CE642491386 /* FilterHelloComponent.swift */,
			);
			path = Components;
			sourceTree = "<group>";
		};
		548FDBCCD51AD51599368EE7 /* Screens */ = {
			isa = PBXGroup;
			children = (
				FA06DADBFB311A2F782607A5 /* LocationsScreen.swift */,
			);
			path = Screens;
			sourceTree = "<group>";
		};
		6220C9B0747CEA13F68634ED /* Screens */ = {
			isa = PBXGroup;
			children = (
				6B45AD7C37777F8F486DF783 /* DetailsScreen.swift */,
			);
			path = Screens;
			sourceTree = "<group>";
		};
		6D35B598216B5E3A00C72B29 /* Extensions */ = {
			isa = PBXGroup;
			children = (
				6D35B599216B646F00C72B29 /* Bundle+Info.swift */,
			);
			path = Extensions;
			sourceTree = "<group>";
		};
		7A0DAA0F032971722D5DA9A3 /* Splash */ = {
			isa = PBXGroup;
			children = (
				13884D3747493D0C55CBEDB3 /* Screens */,
				16F9F0B728F6562F7A8F62D3 /* Components */,
				E079240CF34C0E4448E06A60 /* SplashState.swift */,
				C78666022321AEFC7146AA0A /* SplashAction.swift */,
				5DA071327A4A1C0AEEBA435D /* SplashEnvironment.swift */,
				549B5E4D8C79CB3C03543689 /* SplashReducer.swift */,
			);
			path = Splash;
			sourceTree = "<group>";
		};
		95FD11A2995DA0AF98E53524 /* TabBar */ = {
			isa = PBXGroup;
			children = (
				2BD04256084D04F84EE093E1 /* Screens */,
				A624C70F9B836C187021D071 /* TabBarState.swift */,
				740ED4B41741423AEA6699B9 /* TabBarAction.swift */,
				B973621A468EC297D2962353 /* TabBarEnvironment.swift */,
				8D696FA8E0CBB2B4F3874516 /* TabBarReducer.swift */,
				1148D5C1274FD11F0047E20E /* TabBarItem.swift */,
			);
			path = TabBar;
			sourceTree = "<group>";
		};
		995AC20C2C13BE7444ED52D4 /* Components */ = {
			isa = PBXGroup;
			children = (
				F422174EE53EA0FD46CBBAC0 /* EpisodesScrollView.swift */,
				C3D0641A275A34C8003E9148 /* EpisodeCard.swift */,
				C3D0641E275A585F003E9148 /* AppSegmentedControl.swift */,
			);
			path = Components;
			sourceTree = "<group>";
		};
		A91B1F3F3699B4DC67AED7DA /* Screens */ = {
			isa = PBXGroup;
			children = (
				364625FA897ADA7DEA2C25D7 /* EpisodesScreen.swift */,
			);
			path = Screens;
			sourceTree = "<group>";
		};
		B55846325C19330D75C0235E /* Components */ = {
			isa = PBXGroup;
			children = (
				E7DF0A6C495CB499EEA338D6 /* DetailsHelloComponent.swift */,
			);
			path = Components;
			sourceTree = "<group>";
		};
		B8260AEE68F157F8ABE628AD /* Filter */ = {
			isa = PBXGroup;
			children = (
				C10EC2BC740B255A6CAEE9B1 /* Screens */,
				367654F98F0D1DDB69F89526 /* Components */,
				1912B6F08E19ECCF5FEB624C /* FilterState.swift */,
				1DDFFE7BAA47863677FA4F33 /* FilterAction.swift */,
				63B6E56E91FA1C93EFC54989 /* FilterEnvironment.swift */,
				86DC89AA63C519F339EBA263 /* FilterReducer.swift */,
			);
			path = Filter;
			sourceTree = "<group>";
		};
		C10EC2BC740B255A6CAEE9B1 /* Screens */ = {
			isa = PBXGroup;
			children = (
				0BF99FF6D47AD033FED0BE30 /* FilterScreen.swift */,
			);
			path = Screens;
			sourceTree = "<group>";
		};
		C11D276B097C8EF8CC638E85 /* Locations */ = {
			isa = PBXGroup;
			children = (
				548FDBCCD51AD51599368EE7 /* Screens */,
				DED7398E7A689DC46234A5D4 /* Components */,
				1DB95A00894FF5C01506B6FD /* LocationsState.swift */,
				08DE721DEC1D7C8827C8F75B /* LocationsAction.swift */,
				6D2B183A35E026726B497D7D /* LocationsEnvironment.swift */,
				0FF20F6970EBC600C5051EE4 /* LocationsReducer.swift */,
			);
			path = Locations;
			sourceTree = "<group>";
		};
		C377639D275FAD07008308B9 /* Api */ = {
			isa = PBXGroup;
			children = (
				C37763A6275FB2CA008308B9 /* ApiService.swift */,
				C37763A8275FB30B008308B9 /* ApiEndpoint.swift */,
				C37763A0275FB19F008308B9 /* ApiServiceProtocol.swift */,
				C37763A4275FB293008308B9 /* Response+Request.swift */,
				C37763A2275FB1D6008308B9 /* Nothing.swift */,
			);
			path = Api;
			sourceTree = "<group>";
		};
		C37763AA275FC1DE008308B9 /* ErrorHandling */ = {
			isa = PBXGroup;
			children = (
				C377639E275FAD2D008308B9 /* NetworkError.swift */,
			);
			path = ErrorHandling;
			sourceTree = "<group>";
		};
		D276A31F75B5CC8F7EB4FE05 /* Episodes */ = {
			isa = PBXGroup;
			children = (
				A91B1F3F3699B4DC67AED7DA /* Screens */,
				995AC20C2C13BE7444ED52D4 /* Components */,
				9E36118A52122D74AB1FDDB0 /* EpisodesState.swift */,
				B183AE7DE6A9C3069F2160BA /* EpisodesAction.swift */,
				FCCD27C071AF8A31130D3FED /* EpisodesEnvironment.swift */,
				79F7B90F42A06EBE78EEE18D /* EpisodesReducer.swift */,
			);
			path = Episodes;
			sourceTree = "<group>";
		};
		D2BB2E21930607916113CE1D /* Components */ = {
			isa = PBXGroup;
			children = (
				C3CC72A12752BA5A007FFC54 /* CharactersScrollView.swift */,
				C3CC729D2752B9F9007FFC54 /* SearchAndFilter.swift */,
				C3CC729B2752B9E1007FFC54 /* FilterButton.swift */,
				C3CC72972752B8B8007FFC54 /* CharacterCard.swift */,
				C3CC72992752B96E007FFC54 /* SearchBar.swift */,
			);
			path = Components;
			sourceTree = "<group>";
		};
		DED7398E7A689DC46234A5D4 /* Components */ = {
			isa = PBXGroup;
			children = (
				1148D5D5275399110047E20E /* LocationsCardComponent.swift */,
				11A839F4275A50DB0015BD55 /* StickyHeaderComponent.swift */,
				11A839F6275A51C50015BD55 /* NavigationImageComponent.swift */,
				11A839F8275A52440015BD55 /* NavigationTitleComponent.swift */,
			);
			path = Components;
			sourceTree = "<group>";
		};
		F97F4A278FBA270DADB2EDED /* Details */ = {
			isa = PBXGroup;
			children = (
				6220C9B0747CEA13F68634ED /* Screens */,
				B55846325C19330D75C0235E /* Components */,
				03DE4910767C080EAF1651BD /* DetailsState.swift */,
				D6D35CA33B05B5A0036F204B /* DetailsAction.swift */,
				A71CB42986A6D67850628812 /* DetailsEnvironment.swift */,
				26C6A6D54538D96207724630 /* DetailsReducer.swift */,
			);
			path = Details;
			sourceTree = "<group>";
		};
		FFC98CD43EC1412F2003B42A /* Characters */ = {
			isa = PBXGroup;
			children = (
				1843F7DFF66E53850ECFF727 /* Screens */,
				D2BB2E21930607916113CE1D /* Components */,
				061C4E29AEA2FBAF3F9D65E3 /* CharactersState.swift */,
				D9B522CB4A7080838C40FBB7 /* CharactersAction.swift */,
				2572717657BE18B694162D1A /* CharactersEnvironment.swift */,
				B41BCD25DE71D6F96D83024D /* CharactersReducer.swift */,
			);
			path = Characters;
			sourceTree = "<group>";
		};
/* End PBXGroup section */

/* Begin PBXNativeTarget section */
		060F08431E4D6B3900D9166F /* RickAndMorty */ = {
			isa = PBXNativeTarget;
			buildConfigurationList = 060F08561E4D6B3900D9166F /* Build configuration list for PBXNativeTarget "RickAndMorty" */;
			buildPhases = (
				061C7AE8213859B800D16625 /* Swiftgen */,
				060F08401E4D6B3900D9166F /* Sources */,
				060F08411E4D6B3900D9166F /* Frameworks */,
				060F08421E4D6B3900D9166F /* Resources */,
				060F08791E4D6CF100D9166F /* SwiftLint */,
			);
			buildRules = (
			);
			dependencies = (
			);
			name = RickAndMorty;
			packageProductDependencies = (
				C39DC25827465DB80056C306 /* Networking */,
				C39DC25B27465DC40056C306 /* Nuke */,
				C39DC25E27465DCF0056C306 /* ComposableArchitecture */,
				C3834B4E274BA0D90091D5CB /* Lottie */,
			);
			productName = RickAndMorty;
			productReference = 060F08441E4D6B3900D9166F /* RickAndMorty.app */;
			productType = "com.apple.product-type.application";
		};
/* End PBXNativeTarget section */

/* Begin PBXProject section */
		060F083C1E4D6B3900D9166F /* Project object */ = {
			isa = PBXProject;
			attributes = {
				LastSwiftUpdateCheck = 0820;
				LastUpgradeCheck = 1000;
				ORGANIZATIONNAME = "Ronas IT";
				TargetAttributes = {
					060F08431E4D6B3900D9166F = {
						CreatedOnToolsVersion = 8.2.1;
						LastSwiftMigration = 1000;
						ProvisioningStyle = Manual;
					};
				};
			};
			buildConfigurationList = 060F083F1E4D6B3900D9166F /* Build configuration list for PBXProject "RickAndMorty" */;
			compatibilityVersion = "Xcode 3.2";
			developmentRegion = English;
			hasScannedForEncodings = 0;
			knownRegions = (
				English,
				en,
				Base,
			);
			mainGroup = 060F083B1E4D6B3900D9166F;
			packageReferences = (
				C39DC25727465DB80056C306 /* XCRemoteSwiftPackageReference "networking" */,
				C39DC25A27465DC40056C306 /* XCRemoteSwiftPackageReference "Nuke" */,
				C39DC25D27465DCF0056C306 /* XCRemoteSwiftPackageReference "swift-composable-architecture" */,
				C3834B4D274BA0D90091D5CB /* XCRemoteSwiftPackageReference "lottie-ios" */,
			);
			productRefGroup = 060F08451E4D6B3900D9166F /* Products */;
			projectDirPath = "";
			projectRoot = "";
			targets = (
				060F08431E4D6B3900D9166F /* RickAndMorty */,
			);
		};
/* End PBXProject section */

/* Begin PBXResourcesBuildPhase section */
		060F08421E4D6B3900D9166F /* Resources */ = {
			isa = PBXResourcesBuildPhase;
			buildActionMask = 2147483647;
			files = (
				066238161F879B4D00AA6B14 /* Localizable.strings in Resources */,
				11E3398E2746790E00D3B145 /* Gilroy-SemiBold.ttf in Resources */,
				C36C4DB9274E1745004AC7BB /* loading.json in Resources */,
				060F08711E4D6C9200D9166F /* Assets.xcassets in Resources */,
				11E3398D2746790E00D3B145 /* Gilroy-Medium.ttf in Resources */,
				06DAD03A1F4E95B700FD62BD /* Settings.bundle in Resources */,
				11E3398C2746790E00D3B145 /* Gilroy-Bold.ttf in Resources */,
			);
			runOnlyForDeploymentPostprocessing = 0;
		};
/* End PBXResourcesBuildPhase section */

/* Begin PBXShellScriptBuildPhase section */
		060F08791E4D6CF100D9166F /* SwiftLint */ = {
			isa = PBXShellScriptBuildPhase;
			buildActionMask = 2147483647;
			files = (
			);
			inputPaths = (
			);
			name = SwiftLint;
			outputPaths = (
			);
			runOnlyForDeploymentPostprocessing = 0;
			shellPath = /bin/sh;
			shellScript = ./Scripts/swiftlint_script.sh;
			showEnvVarsInLog = 0;
		};
		061C7AE8213859B800D16625 /* Swiftgen */ = {
			isa = PBXShellScriptBuildPhase;
			buildActionMask = 2147483647;
			files = (
			);
			inputPaths = (
			);
			name = Swiftgen;
			outputPaths = (
			);
			runOnlyForDeploymentPostprocessing = 0;
			shellPath = /bin/sh;
			showEnvVarsInLog = 0;
		};
/* End PBXShellScriptBuildPhase section */

/* Begin PBXSourcesBuildPhase section */
		060F08401E4D6B3900D9166F /* Sources */ = {
			isa = PBXSourcesBuildPhase;
			buildActionMask = 2147483647;
			files = (
				0679BEDF205A4DEC0058E8F3 /* Strings.swift in Sources */,
				C3D08F4F2101B9B600FDC15E /* Assets.swift in Sources */,
				063834571F6F62AC0057A831 /* ContentView.swift in Sources */,
				6D3A04222170BE06007B6860 /* AppConfiguration.swift in Sources */,
				6D6D7EA221F743FA000FFA4D /* Services.swift in Sources */,
				6D35B59A216B647100C72B29 /* Bundle+Info.swift in Sources */,
				11E339982746891500D3B145 /* Fonts.swift in Sources */,
				C3D0641B275A34C8003E9148 /* EpisodeCard.swift in Sources */,
				060F086D1E4D6C9200D9166F /* AppDelegate.swift in Sources */,
				06E0EBD11FAC0BB4002715AE /* AppConfigurator.swift in Sources */,
				C3CC72982752B8BA007FFC54 /* CharacterCard.swift in Sources */,
				FBA90FB626DE2F040092A824 /* SceneDelegate.swift in Sources */,
				C3834B4C274BA0A10091D5CB /* AnimationViewComponent.swift in Sources */,
				C4CF98403AF3388D9071EE84 /* SplashScreen.swift in Sources */,
				96851AE03DC39C8E37DBD4DB /* SplashState.swift in Sources */,
				BBDAAEBD960BB8B03FE8E97A /* SplashAction.swift in Sources */,
				64808336B7AE91E821BF6209 /* SplashEnvironment.swift in Sources */,
				262BD36939303769150CE34C /* SplashReducer.swift in Sources */,
				3DFC6CA04971F19856C938A3 /* CharactersScreen.swift in Sources */,
				29EF2A173A69D16743392A6D /* CharactersState.swift in Sources */,
				269CB387AD00A3636F08151D /* CharactersAction.swift in Sources */,
				0DC28222F850A8C49E69AB14 /* CharactersEnvironment.swift in Sources */,
				30848E27393247257E14DC82 /* CharactersReducer.swift in Sources */,
				1148D5C2274FD1200047E20E /* TabBarItem.swift in Sources */,
				63FA1F903922012978134029 /* LocationsScreen.swift in Sources */,
				C9AE9C6699DE4AA3BEBF08E7 /* LocationsState.swift in Sources */,
				28BE4E6F1D94586798FF337B /* LocationsAction.swift in Sources */,
				CF6948EA9EA86232E5A1ABEB /* LocationsEnvironment.swift in Sources */,
				C37763A3275FB1D6008308B9 /* Nothing.swift in Sources */,
				3615AC9C579EC0230E764F13 /* LocationsReducer.swift in Sources */,
				B25C9473FBAEBE9D308E0E82 /* EpisodesScreen.swift in Sources */,
				07DFC1475C222ADB1D7A10D3 /* EpisodesScrollView.swift in Sources */,
				C3CC72A22752BA5A007FFC54 /* CharactersScrollView.swift in Sources */,
				1148D5D6275399110047E20E /* LocationsCardComponent.swift in Sources */,
				D79E209D216EBA0921E4A8F9 /* EpisodesState.swift in Sources */,
				6924F43613AA64A3243A0943 /* EpisodesAction.swift in Sources */,
				C5C57802B327ACF6B57BDD00 /* EpisodesEnvironment.swift in Sources */,
				CE51A265C028CBD3DF18B1CB /* EpisodesReducer.swift in Sources */,
				0633A3E109287294157807EC /* FilterScreen.swift in Sources */,
				FC410A3D2B126E033C643145 /* FilterHelloComponent.swift in Sources */,
				11A839F5275A50DB0015BD55 /* StickyHeaderComponent.swift in Sources */,
				C314B9602750EE5800C7E28F /* CharacterModel.swift in Sources */,
				0F2A99AF57F8FAF272D3A536 /* FilterState.swift in Sources */,
				C3CC729A2752B96E007FFC54 /* SearchBar.swift in Sources */,
				C38028A1275D270A00E470BC /* GeneralRequest.swift in Sources */,
				D0BDF13BDF1251A0B9778EFD /* FilterAction.swift in Sources */,
				11A839F9275A52440015BD55 /* NavigationTitleComponent.swift in Sources */,
				AC1AA25AC69B229E5B459221 /* FilterEnvironment.swift in Sources */,
				287B5FBEC632CF4C08185749 /* FilterReducer.swift in Sources */,
				7691C16922E64501B108CF13 /* DetailsScreen.swift in Sources */,
				C37763A7275FB2CA008308B9 /* ApiService.swift in Sources */,
				11A839F7275A51C50015BD55 /* NavigationImageComponent.swift in Sources */,
				B6CC9B7FD8F08C0CE8F3E6C0 /* DetailsHelloComponent.swift in Sources */,
				C377639F275FAD2E008308B9 /* NetworkError.swift in Sources */,
				C3CC729E2752B9F9007FFC54 /* SearchAndFilter.swift in Sources */,
				1148D5D82753A69E0047E20E /* LocationsModel.swift in Sources */,
				C2B44C98ECF957607503E83F /* DetailsState.swift in Sources */,
				DB1DF4BD7996307CBC7E702A /* DetailsAction.swift in Sources */,
				FC54F5AFF55A2AA11F55B6D3 /* DetailsEnvironment.swift in Sources */,
				C3D0641F275A5860003E9148 /* AppSegmentedControl.swift in Sources */,
				3801234611FB3C11FD62C21B /* DetailsReducer.swift in Sources */,
				4CDD47B0812EA9DC7B675069 /* TabBarScreen.swift in Sources */,
				8ADD5F0A2BB72EF68E8B47F2 /* TabBarState.swift in Sources */,
				87A019A5D32B2AC449FD79B0 /* TabBarAction.swift in Sources */,
				C3C16E79275505AD00F0DA3F /* Layout.swift in Sources */,
				9C465724E6D840DE10FFA3B1 /* TabBarEnvironment.swift in Sources */,
				C37763A1275FB19F008308B9 /* ApiServiceProtocol.swift in Sources */,
				C37763A5275FB293008308B9 /* Response+Request.swift in Sources */,
				770EF151B4A57F191845EC70 /* TabBarReducer.swift in Sources */,
				C3CC729C2752B9E1007FFC54 /* FilterButton.swift in Sources */,
				C3B7CB2D2759069600A44898 /* EpisodeModel.swift in Sources */,
				C37763A9275FB30B008308B9 /* ApiEndpoint.swift in Sources */,
			);
			runOnlyForDeploymentPostprocessing = 0;
		};
/* End PBXSourcesBuildPhase section */

/* Begin PBXVariantGroup section */
		066238181F879B4D00AA6B14 /* Localizable.strings */ = {
			isa = PBXVariantGroup;
			children = (
				066238171F879B4D00AA6B14 /* en */,
			);
			name = Localizable.strings;
			sourceTree = "<group>";
		};
/* End PBXVariantGroup section */

/* Begin XCBuildConfiguration section */
		060F08541E4D6B3900D9166F /* Debug Development */ = {
			isa = XCBuildConfiguration;
			buildSettings = {
				ALWAYS_SEARCH_USER_PATHS = NO;
				CLANG_ANALYZER_NONNULL = YES;
				CLANG_CXX_LANGUAGE_STANDARD = "gnu++0x";
				CLANG_CXX_LIBRARY = "libc++";
				CLANG_ENABLE_MODULES = YES;
				CLANG_ENABLE_OBJC_ARC = YES;
				CLANG_WARN_BLOCK_CAPTURE_AUTORELEASING = YES;
				CLANG_WARN_BOOL_CONVERSION = YES;
				CLANG_WARN_COMMA = YES;
				CLANG_WARN_CONSTANT_CONVERSION = YES;
				CLANG_WARN_DEPRECATED_OBJC_IMPLEMENTATIONS = YES;
				CLANG_WARN_DIRECT_OBJC_ISA_USAGE = YES_ERROR;
				CLANG_WARN_DOCUMENTATION_COMMENTS = YES;
				CLANG_WARN_EMPTY_BODY = YES;
				CLANG_WARN_ENUM_CONVERSION = YES;
				CLANG_WARN_INFINITE_RECURSION = YES;
				CLANG_WARN_INT_CONVERSION = YES;
				CLANG_WARN_NON_LITERAL_NULL_CONVERSION = YES;
				CLANG_WARN_OBJC_IMPLICIT_RETAIN_SELF = YES;
				CLANG_WARN_OBJC_LITERAL_CONVERSION = YES;
				CLANG_WARN_OBJC_ROOT_CLASS = YES_ERROR;
				CLANG_WARN_RANGE_LOOP_ANALYSIS = YES;
				CLANG_WARN_STRICT_PROTOTYPES = YES;
				CLANG_WARN_SUSPICIOUS_MOVE = YES;
				CLANG_WARN_UNREACHABLE_CODE = YES;
				CLANG_WARN__DUPLICATE_METHOD_MATCH = YES;
				"CODE_SIGN_IDENTITY[sdk=iphoneos*]" = "iPhone Developer";
				COPY_PHASE_STRIP = NO;
				DEBUG_INFORMATION_FORMAT = dwarf;
				ENABLE_STRICT_OBJC_MSGSEND = YES;
				ENABLE_TESTABILITY = YES;
				GCC_C_LANGUAGE_STANDARD = gnu99;
				GCC_DYNAMIC_NO_PIC = NO;
				GCC_NO_COMMON_BLOCKS = YES;
				GCC_OPTIMIZATION_LEVEL = 0;
				GCC_PREPROCESSOR_DEFINITIONS = (
					"DEBUG=1",
					"$(inherited)",
				);
				GCC_WARN_64_TO_32_BIT_CONVERSION = YES;
				GCC_WARN_ABOUT_RETURN_TYPE = YES_ERROR;
				GCC_WARN_UNDECLARED_SELECTOR = YES;
				GCC_WARN_UNINITIALIZED_AUTOS = YES_AGGRESSIVE;
				GCC_WARN_UNUSED_FUNCTION = YES;
				GCC_WARN_UNUSED_VARIABLE = YES;
				IPHONEOS_DEPLOYMENT_TARGET = 14.0;
				MTL_ENABLE_DEBUG_INFO = YES;
				ONLY_ACTIVE_ARCH = YES;
				SDKROOT = iphoneos;
				SWIFT_ACTIVE_COMPILATION_CONDITIONS = DEBUG;
				SWIFT_OPTIMIZATION_LEVEL = "-Onone";
				TARGETED_DEVICE_FAMILY = "1,2";
			};
			name = "Debug Development";
		};
		060F08551E4D6B3900D9166F /* AdHoc Development */ = {
			isa = XCBuildConfiguration;
			buildSettings = {
				ALWAYS_SEARCH_USER_PATHS = NO;
				CLANG_ANALYZER_NONNULL = YES;
				CLANG_CXX_LANGUAGE_STANDARD = "gnu++0x";
				CLANG_CXX_LIBRARY = "libc++";
				CLANG_ENABLE_MODULES = YES;
				CLANG_ENABLE_OBJC_ARC = YES;
				CLANG_WARN_BLOCK_CAPTURE_AUTORELEASING = YES;
				CLANG_WARN_BOOL_CONVERSION = YES;
				CLANG_WARN_COMMA = YES;
				CLANG_WARN_CONSTANT_CONVERSION = YES;
				CLANG_WARN_DEPRECATED_OBJC_IMPLEMENTATIONS = YES;
				CLANG_WARN_DIRECT_OBJC_ISA_USAGE = YES_ERROR;
				CLANG_WARN_DOCUMENTATION_COMMENTS = YES;
				CLANG_WARN_EMPTY_BODY = YES;
				CLANG_WARN_ENUM_CONVERSION = YES;
				CLANG_WARN_INFINITE_RECURSION = YES;
				CLANG_WARN_INT_CONVERSION = YES;
				CLANG_WARN_NON_LITERAL_NULL_CONVERSION = YES;
				CLANG_WARN_OBJC_IMPLICIT_RETAIN_SELF = YES;
				CLANG_WARN_OBJC_LITERAL_CONVERSION = YES;
				CLANG_WARN_OBJC_ROOT_CLASS = YES_ERROR;
				CLANG_WARN_RANGE_LOOP_ANALYSIS = YES;
				CLANG_WARN_STRICT_PROTOTYPES = YES;
				CLANG_WARN_SUSPICIOUS_MOVE = YES;
				CLANG_WARN_UNREACHABLE_CODE = YES;
				CLANG_WARN__DUPLICATE_METHOD_MATCH = YES;
				"CODE_SIGN_IDENTITY[sdk=iphoneos*]" = "iPhone Developer";
				COPY_PHASE_STRIP = NO;
				DEBUG_INFORMATION_FORMAT = "dwarf-with-dsym";
				ENABLE_NS_ASSERTIONS = NO;
				ENABLE_STRICT_OBJC_MSGSEND = YES;
				ENABLE_TESTABILITY = YES;
				GCC_C_LANGUAGE_STANDARD = gnu99;
				GCC_NO_COMMON_BLOCKS = YES;
				GCC_PREPROCESSOR_DEFINITIONS = "ADHOC=1";
				GCC_WARN_64_TO_32_BIT_CONVERSION = YES;
				GCC_WARN_ABOUT_RETURN_TYPE = YES_ERROR;
				GCC_WARN_UNDECLARED_SELECTOR = YES;
				GCC_WARN_UNINITIALIZED_AUTOS = YES_AGGRESSIVE;
				GCC_WARN_UNUSED_FUNCTION = YES;
				GCC_WARN_UNUSED_VARIABLE = YES;
				IPHONEOS_DEPLOYMENT_TARGET = 14.0;
				MTL_ENABLE_DEBUG_INFO = NO;
				ONLY_ACTIVE_ARCH = YES;
				SDKROOT = iphoneos;
				SWIFT_ACTIVE_COMPILATION_CONDITIONS = ADHOC;
				SWIFT_COMPILATION_MODE = wholemodule;
				SWIFT_OPTIMIZATION_LEVEL = "-O";
				TARGETED_DEVICE_FAMILY = "1,2";
				VALIDATE_PRODUCT = YES;
			};
			name = "AdHoc Development";
		};
		060F08571E4D6B3900D9166F /* Debug Development */ = {
			isa = XCBuildConfiguration;
			buildSettings = {
				ASSETCATALOG_COMPILER_APPICON_NAME = AppIcon;
				CODE_SIGN_IDENTITY = "Apple Development";
				CODE_SIGN_STYLE = Automatic;
				"DEBUG_INFORMATION_FORMAT[sdk=iphoneos*]" = "dwarf-with-dsym";
				"DEBUG_INFORMATION_FORMAT[sdk=iphonesimulator*]" = dwarf;
				DEVELOPMENT_TEAM = UNY6DAB8X7;
				INFOPLIST_FILE = RickAndMorty/Info.plist;
				IPHONEOS_DEPLOYMENT_TARGET = 14.0;
				LD_RUNPATH_SEARCH_PATHS = (
					"$(inherited)",
					"@executable_path/Frameworks",
				);
				OTHER_SWIFT_FLAGS = "-Xfrontend -debug-time-function-bodies";
				PRODUCT_BUNDLE_IDENTIFIER = "com.ronas-it.rickandmorty";
				PRODUCT_NAME = "$(TARGET_NAME)";
				PROVISIONING_PROFILE_SPECIFIER = "";
				SWIFT_ACTIVE_COMPILATION_CONDITIONS = "DEBUG_DEVELOPMENT DEBUG";
				SWIFT_OPTIMIZATION_LEVEL = "-Onone";
				SWIFT_SWIFT3_OBJC_INFERENCE = Default;
				SWIFT_VERSION = 5.3;
				TARGETED_DEVICE_FAMILY = 1;
			};
			name = "Debug Development";
		};
		060F08581E4D6B3900D9166F /* AdHoc Development */ = {
			isa = XCBuildConfiguration;
			buildSettings = {
				ASSETCATALOG_COMPILER_APPICON_NAME = AppIcon;
				CODE_SIGN_IDENTITY = "Apple Development";
				CODE_SIGN_STYLE = Automatic;
				DEVELOPMENT_TEAM = UNY6DAB8X7;
				INFOPLIST_FILE = RickAndMorty/Info.plist;
				IPHONEOS_DEPLOYMENT_TARGET = 14.0;
				LD_RUNPATH_SEARCH_PATHS = (
					"$(inherited)",
					"@executable_path/Frameworks",
				);
				PRODUCT_BUNDLE_IDENTIFIER = "com.ronas-it.rickandmorty";
				PRODUCT_NAME = "$(TARGET_NAME)";
				PROVISIONING_PROFILE_SPECIFIER = "";
				SWIFT_ACTIVE_COMPILATION_CONDITIONS = "ADHOC_DEVELOPMENT ADHOC";
				SWIFT_SWIFT3_OBJC_INFERENCE = Default;
				SWIFT_VERSION = 5.3;
				TARGETED_DEVICE_FAMILY = 1;
			};
			name = "AdHoc Development";
		};
		0638EED6205B9D780079330B /* Debug Staging */ = {
			isa = XCBuildConfiguration;
			buildSettings = {
				ALWAYS_SEARCH_USER_PATHS = NO;
				CLANG_ANALYZER_NONNULL = YES;
				CLANG_CXX_LANGUAGE_STANDARD = "gnu++0x";
				CLANG_CXX_LIBRARY = "libc++";
				CLANG_ENABLE_MODULES = YES;
				CLANG_ENABLE_OBJC_ARC = YES;
				CLANG_WARN_BLOCK_CAPTURE_AUTORELEASING = YES;
				CLANG_WARN_BOOL_CONVERSION = YES;
				CLANG_WARN_COMMA = YES;
				CLANG_WARN_CONSTANT_CONVERSION = YES;
				CLANG_WARN_DEPRECATED_OBJC_IMPLEMENTATIONS = YES;
				CLANG_WARN_DIRECT_OBJC_ISA_USAGE = YES_ERROR;
				CLANG_WARN_DOCUMENTATION_COMMENTS = YES;
				CLANG_WARN_EMPTY_BODY = YES;
				CLANG_WARN_ENUM_CONVERSION = YES;
				CLANG_WARN_INFINITE_RECURSION = YES;
				CLANG_WARN_INT_CONVERSION = YES;
				CLANG_WARN_NON_LITERAL_NULL_CONVERSION = YES;
				CLANG_WARN_OBJC_IMPLICIT_RETAIN_SELF = YES;
				CLANG_WARN_OBJC_LITERAL_CONVERSION = YES;
				CLANG_WARN_OBJC_ROOT_CLASS = YES_ERROR;
				CLANG_WARN_RANGE_LOOP_ANALYSIS = YES;
				CLANG_WARN_STRICT_PROTOTYPES = YES;
				CLANG_WARN_SUSPICIOUS_MOVE = YES;
				CLANG_WARN_UNREACHABLE_CODE = YES;
				CLANG_WARN__DUPLICATE_METHOD_MATCH = YES;
				"CODE_SIGN_IDENTITY[sdk=iphoneos*]" = "iPhone Developer";
				COPY_PHASE_STRIP = NO;
				DEBUG_INFORMATION_FORMAT = dwarf;
				ENABLE_STRICT_OBJC_MSGSEND = YES;
				ENABLE_TESTABILITY = YES;
				GCC_C_LANGUAGE_STANDARD = gnu99;
				GCC_DYNAMIC_NO_PIC = NO;
				GCC_NO_COMMON_BLOCKS = YES;
				GCC_OPTIMIZATION_LEVEL = 0;
				GCC_PREPROCESSOR_DEFINITIONS = (
					"DEBUG=1",
					"$(inherited)",
				);
				GCC_WARN_64_TO_32_BIT_CONVERSION = YES;
				GCC_WARN_ABOUT_RETURN_TYPE = YES_ERROR;
				GCC_WARN_UNDECLARED_SELECTOR = YES;
				GCC_WARN_UNINITIALIZED_AUTOS = YES_AGGRESSIVE;
				GCC_WARN_UNUSED_FUNCTION = YES;
				GCC_WARN_UNUSED_VARIABLE = YES;
				IPHONEOS_DEPLOYMENT_TARGET = 14.0;
				MTL_ENABLE_DEBUG_INFO = YES;
				ONLY_ACTIVE_ARCH = YES;
				SDKROOT = iphoneos;
				SWIFT_ACTIVE_COMPILATION_CONDITIONS = DEBUG;
				SWIFT_OPTIMIZATION_LEVEL = "-Onone";
				TARGETED_DEVICE_FAMILY = "1,2";
			};
			name = "Debug Staging";
		};
		0638EED7205B9D780079330B /* Debug Staging */ = {
			isa = XCBuildConfiguration;
			buildSettings = {
				ASSETCATALOG_COMPILER_APPICON_NAME = AppIcon;
				CODE_SIGN_IDENTITY = "Apple Development";
				CODE_SIGN_STYLE = Automatic;
				"DEBUG_INFORMATION_FORMAT[sdk=iphoneos*]" = "dwarf-with-dsym";
				"DEBUG_INFORMATION_FORMAT[sdk=iphonesimulator*]" = dwarf;
				DEVELOPMENT_TEAM = UNY6DAB8X7;
				INFOPLIST_FILE = RickAndMorty/Info.plist;
				IPHONEOS_DEPLOYMENT_TARGET = 14.0;
				LD_RUNPATH_SEARCH_PATHS = (
					"$(inherited)",
					"@executable_path/Frameworks",
				);
				OTHER_SWIFT_FLAGS = "-Xfrontend -debug-time-function-bodies";
				PRODUCT_BUNDLE_IDENTIFIER = "com.ronas-it.rickandmorty";
				PRODUCT_NAME = "$(TARGET_NAME)";
				PROVISIONING_PROFILE_SPECIFIER = "";
				SWIFT_ACTIVE_COMPILATION_CONDITIONS = "DEBUG_STAGING DEBUG";
				SWIFT_OPTIMIZATION_LEVEL = "-0none";
				SWIFT_SWIFT3_OBJC_INFERENCE = Default;
				SWIFT_VERSION = 5.3;
				TARGETED_DEVICE_FAMILY = 1;
			};
			name = "Debug Staging";
		};
		0638EEDA205B9D880079330B /* Debug Production */ = {
			isa = XCBuildConfiguration;
			buildSettings = {
				ALWAYS_SEARCH_USER_PATHS = NO;
				CLANG_ANALYZER_NONNULL = YES;
				CLANG_CXX_LANGUAGE_STANDARD = "gnu++0x";
				CLANG_CXX_LIBRARY = "libc++";
				CLANG_ENABLE_MODULES = YES;
				CLANG_ENABLE_OBJC_ARC = YES;
				CLANG_WARN_BLOCK_CAPTURE_AUTORELEASING = YES;
				CLANG_WARN_BOOL_CONVERSION = YES;
				CLANG_WARN_COMMA = YES;
				CLANG_WARN_CONSTANT_CONVERSION = YES;
				CLANG_WARN_DEPRECATED_OBJC_IMPLEMENTATIONS = YES;
				CLANG_WARN_DIRECT_OBJC_ISA_USAGE = YES_ERROR;
				CLANG_WARN_DOCUMENTATION_COMMENTS = YES;
				CLANG_WARN_EMPTY_BODY = YES;
				CLANG_WARN_ENUM_CONVERSION = YES;
				CLANG_WARN_INFINITE_RECURSION = YES;
				CLANG_WARN_INT_CONVERSION = YES;
				CLANG_WARN_NON_LITERAL_NULL_CONVERSION = YES;
				CLANG_WARN_OBJC_IMPLICIT_RETAIN_SELF = YES;
				CLANG_WARN_OBJC_LITERAL_CONVERSION = YES;
				CLANG_WARN_OBJC_ROOT_CLASS = YES_ERROR;
				CLANG_WARN_RANGE_LOOP_ANALYSIS = YES;
				CLANG_WARN_STRICT_PROTOTYPES = YES;
				CLANG_WARN_SUSPICIOUS_MOVE = YES;
				CLANG_WARN_UNREACHABLE_CODE = YES;
				CLANG_WARN__DUPLICATE_METHOD_MATCH = YES;
				"CODE_SIGN_IDENTITY[sdk=iphoneos*]" = "iPhone Developer";
				COPY_PHASE_STRIP = NO;
				DEBUG_INFORMATION_FORMAT = dwarf;
				ENABLE_STRICT_OBJC_MSGSEND = YES;
				ENABLE_TESTABILITY = YES;
				GCC_C_LANGUAGE_STANDARD = gnu99;
				GCC_DYNAMIC_NO_PIC = NO;
				GCC_NO_COMMON_BLOCKS = YES;
				GCC_OPTIMIZATION_LEVEL = 0;
				GCC_PREPROCESSOR_DEFINITIONS = (
					"DEBUG=1",
					"$(inherited)",
				);
				GCC_WARN_64_TO_32_BIT_CONVERSION = YES;
				GCC_WARN_ABOUT_RETURN_TYPE = YES_ERROR;
				GCC_WARN_UNDECLARED_SELECTOR = YES;
				GCC_WARN_UNINITIALIZED_AUTOS = YES_AGGRESSIVE;
				GCC_WARN_UNUSED_FUNCTION = YES;
				GCC_WARN_UNUSED_VARIABLE = YES;
				IPHONEOS_DEPLOYMENT_TARGET = 14.0;
				MTL_ENABLE_DEBUG_INFO = YES;
				ONLY_ACTIVE_ARCH = YES;
				SDKROOT = iphoneos;
				SWIFT_ACTIVE_COMPILATION_CONDITIONS = DEBUG;
				SWIFT_OPTIMIZATION_LEVEL = "-Onone";
				TARGETED_DEVICE_FAMILY = "1,2";
			};
			name = "Debug Production";
		};
		0638EEDB205B9D880079330B /* Debug Production */ = {
			isa = XCBuildConfiguration;
			buildSettings = {
				ASSETCATALOG_COMPILER_APPICON_NAME = AppIcon;
				CODE_SIGN_IDENTITY = "Apple Development";
				CODE_SIGN_STYLE = Automatic;
				"DEBUG_INFORMATION_FORMAT[sdk=iphoneos*]" = "dwarf-with-dsym";
				"DEBUG_INFORMATION_FORMAT[sdk=iphonesimulator*]" = dwarf;
				DEVELOPMENT_TEAM = UNY6DAB8X7;
				INFOPLIST_FILE = RickAndMorty/Info.plist;
				IPHONEOS_DEPLOYMENT_TARGET = 14.0;
				LD_RUNPATH_SEARCH_PATHS = (
					"$(inherited)",
					"@executable_path/Frameworks",
				);
				OTHER_SWIFT_FLAGS = "-Xfrontend -debug-time-function-bodies";
				PRODUCT_BUNDLE_IDENTIFIER = "com.ronas-it.rickandmorty";
				PRODUCT_NAME = "$(TARGET_NAME)";
				PROVISIONING_PROFILE_SPECIFIER = "";
				SWIFT_ACTIVE_COMPILATION_CONDITIONS = "DEBUG_PRODUCTION DEBUG";
				SWIFT_OPTIMIZATION_LEVEL = "-Onone";
				SWIFT_SWIFT3_OBJC_INFERENCE = Default;
				SWIFT_VERSION = 5.3;
				TARGETED_DEVICE_FAMILY = 1;
			};
			name = "Debug Production";
		};
		0638EEDE205B9DA50079330B /* AdHoc Staging */ = {
			isa = XCBuildConfiguration;
			buildSettings = {
				ALWAYS_SEARCH_USER_PATHS = NO;
				CLANG_ANALYZER_NONNULL = YES;
				CLANG_CXX_LANGUAGE_STANDARD = "gnu++0x";
				CLANG_CXX_LIBRARY = "libc++";
				CLANG_ENABLE_MODULES = YES;
				CLANG_ENABLE_OBJC_ARC = YES;
				CLANG_WARN_BLOCK_CAPTURE_AUTORELEASING = YES;
				CLANG_WARN_BOOL_CONVERSION = YES;
				CLANG_WARN_COMMA = YES;
				CLANG_WARN_CONSTANT_CONVERSION = YES;
				CLANG_WARN_DEPRECATED_OBJC_IMPLEMENTATIONS = YES;
				CLANG_WARN_DIRECT_OBJC_ISA_USAGE = YES_ERROR;
				CLANG_WARN_DOCUMENTATION_COMMENTS = YES;
				CLANG_WARN_EMPTY_BODY = YES;
				CLANG_WARN_ENUM_CONVERSION = YES;
				CLANG_WARN_INFINITE_RECURSION = YES;
				CLANG_WARN_INT_CONVERSION = YES;
				CLANG_WARN_NON_LITERAL_NULL_CONVERSION = YES;
				CLANG_WARN_OBJC_IMPLICIT_RETAIN_SELF = YES;
				CLANG_WARN_OBJC_LITERAL_CONVERSION = YES;
				CLANG_WARN_OBJC_ROOT_CLASS = YES_ERROR;
				CLANG_WARN_RANGE_LOOP_ANALYSIS = YES;
				CLANG_WARN_STRICT_PROTOTYPES = YES;
				CLANG_WARN_SUSPICIOUS_MOVE = YES;
				CLANG_WARN_UNREACHABLE_CODE = YES;
				CLANG_WARN__DUPLICATE_METHOD_MATCH = YES;
				"CODE_SIGN_IDENTITY[sdk=iphoneos*]" = "iPhone Developer";
				COPY_PHASE_STRIP = NO;
				DEBUG_INFORMATION_FORMAT = "dwarf-with-dsym";
				ENABLE_NS_ASSERTIONS = NO;
				ENABLE_STRICT_OBJC_MSGSEND = YES;
				GCC_C_LANGUAGE_STANDARD = gnu99;
				GCC_NO_COMMON_BLOCKS = YES;
				GCC_PREPROCESSOR_DEFINITIONS = "ADHOC=1";
				GCC_WARN_64_TO_32_BIT_CONVERSION = YES;
				GCC_WARN_ABOUT_RETURN_TYPE = YES_ERROR;
				GCC_WARN_UNDECLARED_SELECTOR = YES;
				GCC_WARN_UNINITIALIZED_AUTOS = YES_AGGRESSIVE;
				GCC_WARN_UNUSED_FUNCTION = YES;
				GCC_WARN_UNUSED_VARIABLE = YES;
				IPHONEOS_DEPLOYMENT_TARGET = 14.0;
				MTL_ENABLE_DEBUG_INFO = NO;
				SDKROOT = iphoneos;
				SWIFT_ACTIVE_COMPILATION_CONDITIONS = ADHOC;
				SWIFT_COMPILATION_MODE = wholemodule;
				SWIFT_OPTIMIZATION_LEVEL = "-O";
				TARGETED_DEVICE_FAMILY = "1,2";
				VALIDATE_PRODUCT = YES;
			};
			name = "AdHoc Staging";
		};
		0638EEDF205B9DA50079330B /* AdHoc Staging */ = {
			isa = XCBuildConfiguration;
			buildSettings = {
				ASSETCATALOG_COMPILER_APPICON_NAME = AppIcon;
				CODE_SIGN_IDENTITY = "Apple Development";
				CODE_SIGN_STYLE = Automatic;
				DEVELOPMENT_TEAM = UNY6DAB8X7;
				INFOPLIST_FILE = RickAndMorty/Info.plist;
				IPHONEOS_DEPLOYMENT_TARGET = 14.0;
				LD_RUNPATH_SEARCH_PATHS = (
					"$(inherited)",
					"@executable_path/Frameworks",
				);
				PRODUCT_BUNDLE_IDENTIFIER = "com.ronas-it.rickandmorty";
				PRODUCT_NAME = "$(TARGET_NAME)";
				PROVISIONING_PROFILE_SPECIFIER = "";
				SWIFT_ACTIVE_COMPILATION_CONDITIONS = "ADHOC_STAGING ADHOC";
				SWIFT_SWIFT3_OBJC_INFERENCE = Default;
				SWIFT_VERSION = 5.3;
				TARGETED_DEVICE_FAMILY = 1;
			};
			name = "AdHoc Staging";
		};
		0638EEE0205B9DB00079330B /* AdHoc Production */ = {
			isa = XCBuildConfiguration;
			buildSettings = {
				ALWAYS_SEARCH_USER_PATHS = NO;
				CLANG_ANALYZER_NONNULL = YES;
				CLANG_CXX_LANGUAGE_STANDARD = "gnu++0x";
				CLANG_CXX_LIBRARY = "libc++";
				CLANG_ENABLE_MODULES = YES;
				CLANG_ENABLE_OBJC_ARC = YES;
				CLANG_WARN_BLOCK_CAPTURE_AUTORELEASING = YES;
				CLANG_WARN_BOOL_CONVERSION = YES;
				CLANG_WARN_COMMA = YES;
				CLANG_WARN_CONSTANT_CONVERSION = YES;
				CLANG_WARN_DEPRECATED_OBJC_IMPLEMENTATIONS = YES;
				CLANG_WARN_DIRECT_OBJC_ISA_USAGE = YES_ERROR;
				CLANG_WARN_DOCUMENTATION_COMMENTS = YES;
				CLANG_WARN_EMPTY_BODY = YES;
				CLANG_WARN_ENUM_CONVERSION = YES;
				CLANG_WARN_INFINITE_RECURSION = YES;
				CLANG_WARN_INT_CONVERSION = YES;
				CLANG_WARN_NON_LITERAL_NULL_CONVERSION = YES;
				CLANG_WARN_OBJC_IMPLICIT_RETAIN_SELF = YES;
				CLANG_WARN_OBJC_LITERAL_CONVERSION = YES;
				CLANG_WARN_OBJC_ROOT_CLASS = YES_ERROR;
				CLANG_WARN_RANGE_LOOP_ANALYSIS = YES;
				CLANG_WARN_STRICT_PROTOTYPES = YES;
				CLANG_WARN_SUSPICIOUS_MOVE = YES;
				CLANG_WARN_UNREACHABLE_CODE = YES;
				CLANG_WARN__DUPLICATE_METHOD_MATCH = YES;
				"CODE_SIGN_IDENTITY[sdk=iphoneos*]" = "iPhone Developer";
				COPY_PHASE_STRIP = NO;
				DEBUG_INFORMATION_FORMAT = "dwarf-with-dsym";
				ENABLE_NS_ASSERTIONS = NO;
				ENABLE_STRICT_OBJC_MSGSEND = YES;
				GCC_C_LANGUAGE_STANDARD = gnu99;
				GCC_NO_COMMON_BLOCKS = YES;
				GCC_PREPROCESSOR_DEFINITIONS = "ADHOC=1";
				GCC_WARN_64_TO_32_BIT_CONVERSION = YES;
				GCC_WARN_ABOUT_RETURN_TYPE = YES_ERROR;
				GCC_WARN_UNDECLARED_SELECTOR = YES;
				GCC_WARN_UNINITIALIZED_AUTOS = YES_AGGRESSIVE;
				GCC_WARN_UNUSED_FUNCTION = YES;
				GCC_WARN_UNUSED_VARIABLE = YES;
				IPHONEOS_DEPLOYMENT_TARGET = 14.0;
				MTL_ENABLE_DEBUG_INFO = NO;
				SDKROOT = iphoneos;
				SWIFT_ACTIVE_COMPILATION_CONDITIONS = ADHOC;
				SWIFT_COMPILATION_MODE = wholemodule;
				SWIFT_OPTIMIZATION_LEVEL = "-O";
				TARGETED_DEVICE_FAMILY = "1,2";
				VALIDATE_PRODUCT = YES;
			};
			name = "AdHoc Production";
		};
		0638EEE1205B9DB00079330B /* AdHoc Production */ = {
			isa = XCBuildConfiguration;
			buildSettings = {
				ASSETCATALOG_COMPILER_APPICON_NAME = AppIcon;
				CODE_SIGN_IDENTITY = "Apple Development";
				CODE_SIGN_STYLE = Automatic;
				DEVELOPMENT_TEAM = UNY6DAB8X7;
				INFOPLIST_FILE = RickAndMorty/Info.plist;
				IPHONEOS_DEPLOYMENT_TARGET = 14.0;
				LD_RUNPATH_SEARCH_PATHS = (
					"$(inherited)",
					"@executable_path/Frameworks",
				);
				PRODUCT_BUNDLE_IDENTIFIER = "com.ronas-it.rickandmorty";
				PRODUCT_NAME = "$(TARGET_NAME)";
				PROVISIONING_PROFILE_SPECIFIER = "";
				SWIFT_ACTIVE_COMPILATION_CONDITIONS = "ADHOC_PRODUCTION ADHOC";
				SWIFT_SWIFT3_OBJC_INFERENCE = Default;
				SWIFT_VERSION = 5.3;
				TARGETED_DEVICE_FAMILY = 1;
			};
			name = "AdHoc Production";
		};
		06A25BF61F94C68100A72AAF /* AppStore */ = {
			isa = XCBuildConfiguration;
			buildSettings = {
				ALWAYS_SEARCH_USER_PATHS = NO;
				CLANG_ANALYZER_NONNULL = YES;
				CLANG_CXX_LANGUAGE_STANDARD = "gnu++0x";
				CLANG_CXX_LIBRARY = "libc++";
				CLANG_ENABLE_MODULES = YES;
				CLANG_ENABLE_OBJC_ARC = YES;
				CLANG_WARN_BLOCK_CAPTURE_AUTORELEASING = YES;
				CLANG_WARN_BOOL_CONVERSION = YES;
				CLANG_WARN_COMMA = YES;
				CLANG_WARN_CONSTANT_CONVERSION = YES;
				CLANG_WARN_DEPRECATED_OBJC_IMPLEMENTATIONS = YES;
				CLANG_WARN_DIRECT_OBJC_ISA_USAGE = YES_ERROR;
				CLANG_WARN_DOCUMENTATION_COMMENTS = YES;
				CLANG_WARN_EMPTY_BODY = YES;
				CLANG_WARN_ENUM_CONVERSION = YES;
				CLANG_WARN_INFINITE_RECURSION = YES;
				CLANG_WARN_INT_CONVERSION = YES;
				CLANG_WARN_NON_LITERAL_NULL_CONVERSION = YES;
				CLANG_WARN_OBJC_IMPLICIT_RETAIN_SELF = YES;
				CLANG_WARN_OBJC_LITERAL_CONVERSION = YES;
				CLANG_WARN_OBJC_ROOT_CLASS = YES_ERROR;
				CLANG_WARN_RANGE_LOOP_ANALYSIS = YES;
				CLANG_WARN_STRICT_PROTOTYPES = YES;
				CLANG_WARN_SUSPICIOUS_MOVE = YES;
				CLANG_WARN_UNREACHABLE_CODE = YES;
				CLANG_WARN__DUPLICATE_METHOD_MATCH = YES;
				"CODE_SIGN_IDENTITY[sdk=iphoneos*]" = "iPhone Developer";
				COPY_PHASE_STRIP = NO;
				DEBUG_INFORMATION_FORMAT = "dwarf-with-dsym";
				ENABLE_NS_ASSERTIONS = NO;
				ENABLE_STRICT_OBJC_MSGSEND = YES;
				GCC_C_LANGUAGE_STANDARD = gnu99;
				GCC_NO_COMMON_BLOCKS = YES;
				GCC_PREPROCESSOR_DEFINITIONS = "APPSTORE=1";
				GCC_WARN_64_TO_32_BIT_CONVERSION = YES;
				GCC_WARN_ABOUT_RETURN_TYPE = YES_ERROR;
				GCC_WARN_UNDECLARED_SELECTOR = YES;
				GCC_WARN_UNINITIALIZED_AUTOS = YES_AGGRESSIVE;
				GCC_WARN_UNUSED_FUNCTION = YES;
				GCC_WARN_UNUSED_VARIABLE = YES;
				IPHONEOS_DEPLOYMENT_TARGET = 14.0;
				MTL_ENABLE_DEBUG_INFO = NO;
				SDKROOT = iphoneos;
				SWIFT_ACTIVE_COMPILATION_CONDITIONS = APPSTORE;
				SWIFT_COMPILATION_MODE = wholemodule;
				SWIFT_OPTIMIZATION_LEVEL = "-O";
				TARGETED_DEVICE_FAMILY = "1,2";
				VALIDATE_PRODUCT = YES;
			};
			name = AppStore;
		};
		06A25BF71F94C68100A72AAF /* AppStore */ = {
			isa = XCBuildConfiguration;
			buildSettings = {
				ASSETCATALOG_COMPILER_APPICON_NAME = AppIcon;
				CODE_SIGN_IDENTITY = "Apple Development";
				CODE_SIGN_STYLE = Automatic;
				DEVELOPMENT_TEAM = UNY6DAB8X7;
				INFOPLIST_FILE = RickAndMorty/Info.plist;
				IPHONEOS_DEPLOYMENT_TARGET = 14.0;
				LD_RUNPATH_SEARCH_PATHS = (
					"$(inherited)",
					"@executable_path/Frameworks",
				);
				PRODUCT_BUNDLE_IDENTIFIER = "com.ronas-it.rickandmorty";
				PRODUCT_NAME = "$(TARGET_NAME)";
				PROVISIONING_PROFILE_SPECIFIER = "";
				SWIFT_SWIFT3_OBJC_INFERENCE = Default;
				SWIFT_VERSION = 5.3;
				TARGETED_DEVICE_FAMILY = 1;
			};
			name = AppStore;
		};
		06E0EBD51FAC0E39002715AE /* Analyze */ = {
			isa = XCBuildConfiguration;
			buildSettings = {
				ALWAYS_SEARCH_USER_PATHS = NO;
				CLANG_ANALYZER_NONNULL = YES;
				CLANG_CXX_LANGUAGE_STANDARD = "gnu++0x";
				CLANG_CXX_LIBRARY = "libc++";
				CLANG_ENABLE_MODULES = YES;
				CLANG_ENABLE_OBJC_ARC = YES;
				CLANG_WARN_BLOCK_CAPTURE_AUTORELEASING = YES;
				CLANG_WARN_BOOL_CONVERSION = YES;
				CLANG_WARN_COMMA = YES;
				CLANG_WARN_CONSTANT_CONVERSION = YES;
				CLANG_WARN_DEPRECATED_OBJC_IMPLEMENTATIONS = YES;
				CLANG_WARN_DIRECT_OBJC_ISA_USAGE = YES_ERROR;
				CLANG_WARN_DOCUMENTATION_COMMENTS = YES;
				CLANG_WARN_EMPTY_BODY = YES;
				CLANG_WARN_ENUM_CONVERSION = YES;
				CLANG_WARN_INFINITE_RECURSION = YES;
				CLANG_WARN_INT_CONVERSION = YES;
				CLANG_WARN_NON_LITERAL_NULL_CONVERSION = YES;
				CLANG_WARN_OBJC_IMPLICIT_RETAIN_SELF = YES;
				CLANG_WARN_OBJC_LITERAL_CONVERSION = YES;
				CLANG_WARN_OBJC_ROOT_CLASS = YES_ERROR;
				CLANG_WARN_RANGE_LOOP_ANALYSIS = YES;
				CLANG_WARN_STRICT_PROTOTYPES = YES;
				CLANG_WARN_SUSPICIOUS_MOVE = YES;
				CLANG_WARN_UNREACHABLE_CODE = YES;
				CLANG_WARN__DUPLICATE_METHOD_MATCH = YES;
				"CODE_SIGN_IDENTITY[sdk=iphoneos*]" = "iPhone Developer";
				COPY_PHASE_STRIP = NO;
				DEBUG_INFORMATION_FORMAT = dwarf;
				ENABLE_STRICT_OBJC_MSGSEND = YES;
				ENABLE_TESTABILITY = YES;
				GCC_C_LANGUAGE_STANDARD = gnu99;
				GCC_DYNAMIC_NO_PIC = NO;
				GCC_NO_COMMON_BLOCKS = YES;
				GCC_OPTIMIZATION_LEVEL = 0;
				GCC_PREPROCESSOR_DEFINITIONS = "ANALYZE=1";
				GCC_WARN_64_TO_32_BIT_CONVERSION = YES;
				GCC_WARN_ABOUT_RETURN_TYPE = YES_ERROR;
				GCC_WARN_UNDECLARED_SELECTOR = YES;
				GCC_WARN_UNINITIALIZED_AUTOS = YES_AGGRESSIVE;
				GCC_WARN_UNUSED_FUNCTION = YES;
				GCC_WARN_UNUSED_VARIABLE = YES;
				IPHONEOS_DEPLOYMENT_TARGET = 14.0;
				MTL_ENABLE_DEBUG_INFO = YES;
				ONLY_ACTIVE_ARCH = YES;
				SDKROOT = iphoneos;
				SWIFT_ACTIVE_COMPILATION_CONDITIONS = ANALYZE;
				SWIFT_OPTIMIZATION_LEVEL = "-Onone";
				TARGETED_DEVICE_FAMILY = "1,2";
			};
			name = Analyze;
		};
		06E0EBD61FAC0E39002715AE /* Analyze */ = {
			isa = XCBuildConfiguration;
			buildSettings = {
				ASSETCATALOG_COMPILER_APPICON_NAME = AppIcon;
				CODE_SIGN_IDENTITY = "Apple Development";
				CODE_SIGN_STYLE = Automatic;
				DEVELOPMENT_TEAM = UNY6DAB8X7;
				INFOPLIST_FILE = RickAndMorty/Info.plist;
				IPHONEOS_DEPLOYMENT_TARGET = 14.0;
				LD_RUNPATH_SEARCH_PATHS = (
					"$(inherited)",
					"@executable_path/Frameworks",
				);
				OTHER_SWIFT_FLAGS = "-Xfrontend -debug-time-function-bodies -Xfrontend -warn-long-function-bodies=100 -Xfrontend -warn-long-expression-type-checking=100";
				PRODUCT_BUNDLE_IDENTIFIER = "com.ronas-it.rickandmorty";
				PRODUCT_NAME = "$(TARGET_NAME)";
				PROVISIONING_PROFILE_SPECIFIER = "";
				SWIFT_OPTIMIZATION_LEVEL = "-Onone";
				SWIFT_SWIFT3_OBJC_INFERENCE = Default;
				SWIFT_VERSION = 5.3;
				TARGETED_DEVICE_FAMILY = 1;
			};
			name = Analyze;
		};
/* End XCBuildConfiguration section */

/* Begin XCConfigurationList section */
		060F083F1E4D6B3900D9166F /* Build configuration list for PBXProject "RickAndMorty" */ = {
			isa = XCConfigurationList;
			buildConfigurations = (
				060F08541E4D6B3900D9166F /* Debug Development */,
				0638EED6205B9D780079330B /* Debug Staging */,
				0638EEDA205B9D880079330B /* Debug Production */,
				06E0EBD51FAC0E39002715AE /* Analyze */,
				060F08551E4D6B3900D9166F /* AdHoc Development */,
				0638EEDE205B9DA50079330B /* AdHoc Staging */,
				0638EEE0205B9DB00079330B /* AdHoc Production */,
				06A25BF61F94C68100A72AAF /* AppStore */,
			);
			defaultConfigurationIsVisible = 0;
			defaultConfigurationName = "Debug Development";
		};
		060F08561E4D6B3900D9166F /* Build configuration list for PBXNativeTarget "RickAndMorty" */ = {
			isa = XCConfigurationList;
			buildConfigurations = (
				060F08571E4D6B3900D9166F /* Debug Development */,
				0638EED7205B9D780079330B /* Debug Staging */,
				0638EEDB205B9D880079330B /* Debug Production */,
				06E0EBD61FAC0E39002715AE /* Analyze */,
				060F08581E4D6B3900D9166F /* AdHoc Development */,
				0638EEDF205B9DA50079330B /* AdHoc Staging */,
				0638EEE1205B9DB00079330B /* AdHoc Production */,
				06A25BF71F94C68100A72AAF /* AppStore */,
			);
			defaultConfigurationIsVisible = 0;
			defaultConfigurationName = "Debug Development";
		};
/* End XCConfigurationList section */

/* Begin XCRemoteSwiftPackageReference section */
		C3834B4D274BA0D90091D5CB /* XCRemoteSwiftPackageReference "lottie-ios" */ = {
			isa = XCRemoteSwiftPackageReference;
			repositoryURL = "https://github.com/airbnb/lottie-ios.git";
			requirement = {
				kind = upToNextMajorVersion;
				minimumVersion = 3.2.3;
			};
		};
		C39DC25727465DB80056C306 /* XCRemoteSwiftPackageReference "networking" */ = {
			isa = XCRemoteSwiftPackageReference;
			repositoryURL = "https://projects.ronasit.com/ronas-it/ios/networking";
			requirement = {
				kind = upToNextMajorVersion;
				minimumVersion = 2.1.0;
			};
		};
		C39DC25A27465DC40056C306 /* XCRemoteSwiftPackageReference "Nuke" */ = {
			isa = XCRemoteSwiftPackageReference;
			repositoryURL = "https://github.com/kean/Nuke.git";
			requirement = {
				kind = upToNextMajorVersion;
				minimumVersion = 10.5.1;
			};
		};
		C39DC25D27465DCF0056C306 /* XCRemoteSwiftPackageReference "swift-composable-architecture" */ = {
			isa = XCRemoteSwiftPackageReference;
			repositoryURL = "https://github.com/pointfreeco/swift-composable-architecture";
			requirement = {
				kind = upToNextMajorVersion;
				minimumVersion = 0.28.1;
			};
		};
/* End XCRemoteSwiftPackageReference section */

/* Begin XCSwiftPackageProductDependency section */
		C3834B4E274BA0D90091D5CB /* Lottie */ = {
			isa = XCSwiftPackageProductDependency;
			package = C3834B4D274BA0D90091D5CB /* XCRemoteSwiftPackageReference "lottie-ios" */;
			productName = Lottie;
		};
		C39DC25827465DB80056C306 /* Networking */ = {
			isa = XCSwiftPackageProductDependency;
			package = C39DC25727465DB80056C306 /* XCRemoteSwiftPackageReference "networking" */;
			productName = Networking;
		};
		C39DC25B27465DC40056C306 /* Nuke */ = {
			isa = XCSwiftPackageProductDependency;
			package = C39DC25A27465DC40056C306 /* XCRemoteSwiftPackageReference "Nuke" */;
			productName = Nuke;
		};
		C39DC25E27465DCF0056C306 /* ComposableArchitecture */ = {
			isa = XCSwiftPackageProductDependency;
			package = C39DC25D27465DCF0056C306 /* XCRemoteSwiftPackageReference "swift-composable-architecture" */;
			productName = ComposableArchitecture;
		};
/* End XCSwiftPackageProductDependency section */
	};
	rootObject = 060F083C1E4D6B3900D9166F /* Project object */;
}
